// !$*UTF8*$!
{
	archiveVersion = 1;
	classes = {
	};
	objectVersion = 77;
	objects = {

/* Begin PBXContainerItemProxy section */
		448986F02D5F8E9B006D6BB8 /* PBXContainerItemProxy */ = {
			isa = PBXContainerItemProxy;
			containerPortal = 448986D72D5F8E9A006D6BB8 /* Project object */;
			proxyType = 1;
			remoteGlobalIDString = 448986DE2D5F8E9A006D6BB8;
			remoteInfo = SwiftUI_Text;
		};
		448986FA2D5F8E9B006D6BB8 /* PBXContainerItemProxy */ = {
			isa = PBXContainerItemProxy;
			containerPortal = 448986D72D5F8E9A006D6BB8 /* Project object */;
			proxyType = 1;
			remoteGlobalIDString = 448986DE2D5F8E9A006D6BB8;
			remoteInfo = SwiftUI_Text;
		};
/* End PBXContainerItemProxy section */

/* Begin PBXFileReference section */
		448986DF2D5F8E9A006D6BB8 /* SwiftUI_Text.app */ = {isa = PBXFileReference; explicitFileType = wrapper.application; includeInIndex = 0; path = SwiftUI_Text.app; sourceTree = BUILT_PRODUCTS_DIR; };
		448986EF2D5F8E9B006D6BB8 /* SwiftUI_TextTests.xctest */ = {isa = PBXFileReference; explicitFileType = wrapper.cfbundle; includeInIndex = 0; path = SwiftUI_TextTests.xctest; sourceTree = BUILT_PRODUCTS_DIR; };
		448986F92D5F8E9B006D6BB8 /* SwiftUI_TextUITests.xctest */ = {isa = PBXFileReference; explicitFileType = wrapper.cfbundle; includeInIndex = 0; path = SwiftUI_TextUITests.xctest; sourceTree = BUILT_PRODUCTS_DIR; };
/* End PBXFileReference section */

/* Begin PBXFileSystemSynchronizedRootGroup section */
		448986E12D5F8E9A006D6BB8 /* SwiftUI_Text */ = {
			isa = PBXFileSystemSynchronizedRootGroup;
			path = SwiftUI_Text;
			sourceTree = "<group>";
		};
		448986F22D5F8E9B006D6BB8 /* SwiftUI_TextTests */ = {
			isa = PBXFileSystemSynchronizedRootGroup;
			path = SwiftUI_TextTests;
			sourceTree = "<group>";
		};
		448986FC2D5F8E9B006D6BB8 /* SwiftUI_TextUITests */ = {
			isa = PBXFileSystemSynchronizedRootGroup;
			path = SwiftUI_TextUITests;
			sourceTree = "<group>";
		};
/* End PBXFileSystemSynchronizedRootGroup section */

/* Begin PBXFrameworksBuildPhase section */
		448986DC2D5F8E9A006D6BB8 /* Frameworks */ = {
			isa = PBXFrameworksBuildPhase;
			buildActionMask = 2147483647;
			files = (
			);
			runOnlyForDeploymentPostprocessing = 0;
		};
		448986EC2D5F8E9B006D6BB8 /* Frameworks */ = {
			isa = PBXFrameworksBuildPhase;
			buildActionMask = 2147483647;
			files = (
			);
			runOnlyForDeploymentPostprocessing = 0;
		};
		448986F62D5F8E9B006D6BB8 /* Frameworks */ = {
			isa = PBXFrameworksBuildPhase;
			buildActionMask = 2147483647;
			files = (
			);
			runOnlyForDeploymentPostprocessing = 0;
		};
/* End PBXFrameworksBuildPhase section */

/* Begin PBXGroup section */
		448986D62D5F8E9A006D6BB8 = {
			isa = PBXGroup;
			children = (
				448986E12D5F8E9A006D6BB8 /* SwiftUI_Text */,
				448986F22D5F8E9B006D6BB8 /* SwiftUI_TextTests */,
				448986FC2D5F8E9B006D6BB8 /* SwiftUI_TextUITests */,
				448986E02D5F8E9A006D6BB8 /* Products */,
			);
			sourceTree = "<group>";
		};
		448986E02D5F8E9A006D6BB8 /* Products */ = {
			isa = PBXGroup;
			children = (
				448986DF2D5F8E9A006D6BB8 /* SwiftUI_Text.app */,
				448986EF2D5F8E9B006D6BB8 /* SwiftUI_TextTests.xctest */,
				448986F92D5F8E9B006D6BB8 /* SwiftUI_TextUITests.xctest */,
			);
			name = Products;
			sourceTree = "<group>";
		};
/* End PBXGroup section */

/* Begin PBXNativeTarget section */
		448986DE2D5F8E9A006D6BB8 /* SwiftUI_Text */ = {
			isa = PBXNativeTarget;
			buildConfigurationList = 448987032D5F8E9B006D6BB8 /* Build configuration list for PBXNativeTarget "SwiftUI_Text" */;
			buildPhases = (
				448986DB2D5F8E9A006D6BB8 /* Sources */,
				448986DC2D5F8E9A006D6BB8 /* Frameworks */,
				448986DD2D5F8E9A006D6BB8 /* Resources */,
			);
			buildRules = (
			);
			dependencies = (
			);
			fileSystemSynchronizedGroups = (
				448986E12D5F8E9A006D6BB8 /* SwiftUI_Text */,
			);
			name = SwiftUI_Text;
			packageProductDependencies = (
			);
			productName = SwiftUI_Text;
			productReference = 448986DF2D5F8E9A006D6BB8 /* SwiftUI_Text.app */;
			productType = "com.apple.product-type.application";
		};
		448986EE2D5F8E9B006D6BB8 /* SwiftUI_TextTests */ = {
			isa = PBXNativeTarget;
			buildConfigurationList = 448987062D5F8E9B006D6BB8 /* Build configuration list for PBXNativeTarget "SwiftUI_TextTests" */;
			buildPhases = (
				448986EB2D5F8E9B006D6BB8 /* Sources */,
				448986EC2D5F8E9B006D6BB8 /* Frameworks */,
				448986ED2D5F8E9B006D6BB8 /* Resources */,
			);
			buildRules = (
			);
			dependencies = (
				448986F12D5F8E9B006D6BB8 /* PBXTargetDependency */,
			);
			fileSystemSynchronizedGroups = (
				448986F22D5F8E9B006D6BB8 /* SwiftUI_TextTests */,
			);
			name = SwiftUI_TextTests;
			packageProductDependencies = (
			);
			productName = SwiftUI_TextTests;
			productReference = 448986EF2D5F8E9B006D6BB8 /* SwiftUI_TextTests.xctest */;
			productType = "com.apple.product-type.bundle.unit-test";
		};
		448986F82D5F8E9B006D6BB8 /* SwiftUI_TextUITests */ = {
			isa = PBXNativeTarget;
			buildConfigurationList = 448987092D5F8E9B006D6BB8 /* Build configuration list for PBXNativeTarget "SwiftUI_TextUITests" */;
			buildPhases = (
				448986F52D5F8E9B006D6BB8 /* Sources */,
				448986F62D5F8E9B006D6BB8 /* Frameworks */,
				448986F72D5F8E9B006D6BB8 /* Resources */,
			);
			buildRules = (
			);
			dependencies = (
				448986FB2D5F8E9B006D6BB8 /* PBXTargetDependency */,
			);
			fileSystemSynchronizedGroups = (
				448986FC2D5F8E9B006D6BB8 /* SwiftUI_TextUITests */,
			);
			name = SwiftUI_TextUITests;
			packageProductDependencies = (
			);
			productName = SwiftUI_TextUITests;
			productReference = 448986F92D5F8E9B006D6BB8 /* SwiftUI_TextUITests.xctest */;
			productType = "com.apple.product-type.bundle.ui-testing";
		};
/* End PBXNativeTarget section */

/* Begin PBXProject section */
		448986D72D5F8E9A006D6BB8 /* Project object */ = {
			isa = PBXProject;
			attributes = {
				BuildIndependentTargetsInParallel = 1;
				LastSwiftUpdateCheck = 1620;
				LastUpgradeCheck = 1620;
				TargetAttributes = {
					448986DE2D5F8E9A006D6BB8 = {
						CreatedOnToolsVersion = 16.2;
					};
					448986EE2D5F8E9B006D6BB8 = {
						CreatedOnToolsVersion = 16.2;
						TestTargetID = 448986DE2D5F8E9A006D6BB8;
					};
					448986F82D5F8E9B006D6BB8 = {
						CreatedOnToolsVersion = 16.2;
						TestTargetID = 448986DE2D5F8E9A006D6BB8;
					};
				};
			};
			buildConfigurationList = 448986DA2D5F8E9A006D6BB8 /* Build configuration list for PBXProject "SwiftUI_Text" */;
			developmentRegion = en;
			hasScannedForEncodings = 0;
			knownRegions = (
				en,
				Base,
			);
			mainGroup = 448986D62D5F8E9A006D6BB8;
			minimizedProjectReferenceProxies = 1;
			preferredProjectObjectVersion = 77;
			productRefGroup = 448986E02D5F8E9A006D6BB8 /* Products */;
			projectDirPath = "";
			projectRoot = "";
			targets = (
				448986DE2D5F8E9A006D6BB8 /* SwiftUI_Text */,
				448986EE2D5F8E9B006D6BB8 /* SwiftUI_TextTests */,
				448986F82D5F8E9B006D6BB8 /* SwiftUI_TextUITests */,
			);
		};
/* End PBXProject section */

/* Begin PBXResourcesBuildPhase section */
		448986DD2D5F8E9A006D6BB8 /* Resources */ = {
			isa = PBXResourcesBuildPhase;
			buildActionMask = 2147483647;
			files = (
			);
			runOnlyForDeploymentPostprocessing = 0;
		};
		448986ED2D5F8E9B006D6BB8 /* Resources */ = {
			isa = PBXResourcesBuildPhase;
			buildActionMask = 2147483647;
			files = (
			);
			runOnlyForDeploymentPostprocessing = 0;
		};
		448986F72D5F8E9B006D6BB8 /* Resources */ = {
			isa = PBXResourcesBuildPhase;
			buildActionMask = 2147483647;
			files = (
			);
			runOnlyForDeploymentPostprocessing = 0;
		};
/* End PBXResourcesBuildPhase section */

/* Begin PBXSourcesBuildPhase section */
		448986DB2D5F8E9A006D6BB8 /* Sources */ = {
			isa = PBXSourcesBuildPhase;
			buildActionMask = 2147483647;
			files = (
			);
			runOnlyForDeploymentPostprocessing = 0;
		};
		448986EB2D5F8E9B006D6BB8 /* Sources */ = {
			isa = PBXSourcesBuildPhase;
			buildActionMask = 2147483647;
			files = (
			);
			runOnlyForDeploymentPostprocessing = 0;
		};
		448986F52D5F8E9B006D6BB8 /* Sources */ = {
			isa = PBXSourcesBuildPhase;
			buildActionMask = 2147483647;
			files = (
			);
			runOnlyForDeploymentPostprocessing = 0;
		};
/* End PBXSourcesBuildPhase section */

/* Begin PBXTargetDependency section */
		448986F12D5F8E9B006D6BB8 /* PBXTargetDependency */ = {
			isa = PBXTargetDependency;
			target = 448986DE2D5F8E9A006D6BB8 /* SwiftUI_Text */;
			targetProxy = 448986F02D5F8E9B006D6BB8 /* PBXContainerItemProxy */;
		};
		448986FB2D5F8E9B006D6BB8 /* PBXTargetDependency */ = {
			isa = PBXTargetDependency;
			target = 448986DE2D5F8E9A006D6BB8 /* SwiftUI_Text */;
			targetProxy = 448986FA2D5F8E9B006D6BB8 /* PBXContainerItemProxy */;
		};
/* End PBXTargetDependency section */

/* Begin XCBuildConfiguration section */
		448987012D5F8E9B006D6BB8 /* Debug */ = {
			isa = XCBuildConfiguration;
			buildSettings = {
				ALWAYS_SEARCH_USER_PATHS = NO;
				ASSETCATALOG_COMPILER_GENERATE_SWIFT_ASSET_SYMBOL_EXTENSIONS = YES;
				CLANG_ANALYZER_NONNULL = YES;
				CLANG_ANALYZER_NUMBER_OBJECT_CONVERSION = YES_AGGRESSIVE;
				CLANG_CXX_LANGUAGE_STANDARD = "gnu++20";
				CLANG_ENABLE_MODULES = YES;
				CLANG_ENABLE_OBJC_ARC = YES;
				CLANG_ENABLE_OBJC_WEAK = YES;
				CLANG_WARN_BLOCK_CAPTURE_AUTORELEASING = YES;
				CLANG_WARN_BOOL_CONVERSION = YES;
				CLANG_WARN_COMMA = YES;
				CLANG_WARN_CONSTANT_CONVERSION = YES;
				CLANG_WARN_DEPRECATED_OBJC_IMPLEMENTATIONS = YES;
				CLANG_WARN_DIRECT_OBJC_ISA_USAGE = YES_ERROR;
				CLANG_WARN_DOCUMENTATION_COMMENTS = YES;
				CLANG_WARN_EMPTY_BODY = YES;
				CLANG_WARN_ENUM_CONVERSION = YES;
				CLANG_WARN_INFINITE_RECURSION = YES;
				CLANG_WARN_INT_CONVERSION = YES;
				CLANG_WARN_NON_LITERAL_NULL_CONVERSION = YES;
				CLANG_WARN_OBJC_IMPLICIT_RETAIN_SELF = YES;
				CLANG_WARN_OBJC_LITERAL_CONVERSION = YES;
				CLANG_WARN_OBJC_ROOT_CLASS = YES_ERROR;
				CLANG_WARN_QUOTED_INCLUDE_IN_FRAMEWORK_HEADER = YES;
				CLANG_WARN_RANGE_LOOP_ANALYSIS = YES;
				CLANG_WARN_STRICT_PROTOTYPES = YES;
				CLANG_WARN_SUSPICIOUS_MOVE = YES;
				CLANG_WARN_UNGUARDED_AVAILABILITY = YES_AGGRESSIVE;
				CLANG_WARN_UNREACHABLE_CODE = YES;
				CLANG_WARN__DUPLICATE_METHOD_MATCH = YES;
				COPY_PHASE_STRIP = NO;
				DEBUG_INFORMATION_FORMAT = dwarf;
				ENABLE_STRICT_OBJC_MSGSEND = YES;
				ENABLE_TESTABILITY = YES;
				ENABLE_USER_SCRIPT_SANDBOXING = YES;
				GCC_C_LANGUAGE_STANDARD = gnu17;
				GCC_DYNAMIC_NO_PIC = NO;
				GCC_NO_COMMON_BLOCKS = YES;
				GCC_OPTIMIZATION_LEVEL = 0;
				GCC_PREPROCESSOR_DEFINITIONS = (
					"DEBUG=1",
					"$(inherited)",
				);
				GCC_WARN_64_TO_32_BIT_CONVERSION = YES;
				GCC_WARN_ABOUT_RETURN_TYPE = YES_ERROR;
				GCC_WARN_UNDECLARED_SELECTOR = YES;
				GCC_WARN_UNINITIALIZED_AUTOS = YES_AGGRESSIVE;
				GCC_WARN_UNUSED_FUNCTION = YES;
				GCC_WARN_UNUSED_VARIABLE = YES;
				IPHONEOS_DEPLOYMENT_TARGET = 18.2;
				LOCALIZATION_PREFERS_STRING_CATALOGS = YES;
				MTL_ENABLE_DEBUG_INFO = INCLUDE_SOURCE;
				MTL_FAST_MATH = YES;
				ONLY_ACTIVE_ARCH = YES;
				SDKROOT = iphoneos;
				SWIFT_ACTIVE_COMPILATION_CONDITIONS = "DEBUG $(inherited)";
				SWIFT_OPTIMIZATION_LEVEL = "-Onone";
			};
			name = Debug;
		};
		448987022D5F8E9B006D6BB8 /* Release */ = {
			isa = XCBuildConfiguration;
			buildSettings = {
				ALWAYS_SEARCH_USER_PATHS = NO;
				ASSETCATALOG_COMPILER_GENERATE_SWIFT_ASSET_SYMBOL_EXTENSIONS = YES;
				CLANG_ANALYZER_NONNULL = YES;
				CLANG_ANALYZER_NUMBER_OBJECT_CONVERSION = YES_AGGRESSIVE;
				CLANG_CXX_LANGUAGE_STANDARD = "gnu++20";
				CLANG_ENABLE_MODULES = YES;
				CLANG_ENABLE_OBJC_ARC = YES;
				CLANG_ENABLE_OBJC_WEAK = YES;
				CLANG_WARN_BLOCK_CAPTURE_AUTORELEASING = YES;
				CLANG_WARN_BOOL_CONVERSION = YES;
				CLANG_WARN_COMMA = YES;
				CLANG_WARN_CONSTANT_CONVERSION = YES;
				CLANG_WARN_DEPRECATED_OBJC_IMPLEMENTATIONS = YES;
				CLANG_WARN_DIRECT_OBJC_ISA_USAGE = YES_ERROR;
				CLANG_WARN_DOCUMENTATION_COMMENTS = YES;
				CLANG_WARN_EMPTY_BODY = YES;
				CLANG_WARN_ENUM_CONVERSION = YES;
				CLANG_WARN_INFINITE_RECURSION = YES;
				CLANG_WARN_INT_CONVERSION = YES;
				CLANG_WARN_NON_LITERAL_NULL_CONVERSION = YES;
				CLANG_WARN_OBJC_IMPLICIT_RETAIN_SELF = YES;
				CLANG_WARN_OBJC_LITERAL_CONVERSION = YES;
				CLANG_WARN_OBJC_ROOT_CLASS = YES_ERROR;
				CLANG_WARN_QUOTED_INCLUDE_IN_FRAMEWORK_HEADER = YES;
				CLANG_WARN_RANGE_LOOP_ANALYSIS = YES;
				CLANG_WARN_STRICT_PROTOTYPES = YES;
				CLANG_WARN_SUSPICIOUS_MOVE = YES;
				CLANG_WARN_UNGUARDED_AVAILABILITY = YES_AGGRESSIVE;
				CLANG_WARN_UNREACHABLE_CODE = YES;
				CLANG_WARN__DUPLICATE_METHOD_MATCH = YES;
				COPY_PHASE_STRIP = NO;
				DEBUG_INFORMATION_FORMAT = "dwarf-with-dsym";
				ENABLE_NS_ASSERTIONS = NO;
				ENABLE_STRICT_OBJC_MSGSEND = YES;
				ENABLE_USER_SCRIPT_SANDBOXING = YES;
				GCC_C_LANGUAGE_STANDARD = gnu17;
				GCC_NO_COMMON_BLOCKS = YES;
				GCC_WARN_64_TO_32_BIT_CONVERSION = YES;
				GCC_WARN_ABOUT_RETURN_TYPE = YES_ERROR;
				GCC_WARN_UNDECLARED_SELECTOR = YES;
				GCC_WARN_UNINITIALIZED_AUTOS = YES_AGGRESSIVE;
				GCC_WARN_UNUSED_FUNCTION = YES;
				GCC_WARN_UNUSED_VARIABLE = YES;
				IPHONEOS_DEPLOYMENT_TARGET = 18.2;
				LOCALIZATION_PREFERS_STRING_CATALOGS = YES;
				MTL_ENABLE_DEBUG_INFO = NO;
				MTL_FAST_MATH = YES;
				SDKROOT = iphoneos;
				SWIFT_COMPILATION_MODE = wholemodule;
				VALIDATE_PRODUCT = YES;
			};
			name = Release;
		};
		448987042D5F8E9B006D6BB8 /* Debug */ = {
			isa = XCBuildConfiguration;
			buildSettings = {
				ASSETCATALOG_COMPILER_APPICON_NAME = AppIcon;
				ASSETCATALOG_COMPILER_GLOBAL_ACCENT_COLOR_NAME = AccentColor;
				CODE_SIGN_STYLE = Automatic;
				CURRENT_PROJECT_VERSION = 1;
				DEVELOPMENT_ASSET_PATHS = "\"SwiftUI_Text/Preview Content\"";
				DEVELOPMENT_TEAM = H59XY639YM;
				ENABLE_PREVIEWS = YES;
				GENERATE_INFOPLIST_FILE = YES;
				INFOPLIST_KEY_UIApplicationSceneManifest_Generation = YES;
				INFOPLIST_KEY_UIApplicationSupportsIndirectInputEvents = YES;
				INFOPLIST_KEY_UILaunchScreen_Generation = YES;
				INFOPLIST_KEY_UISupportedInterfaceOrientations_iPad = "UIInterfaceOrientationPortrait UIInterfaceOrientationPortraitUpsideDown UIInterfaceOrientationLandscapeLeft UIInterfaceOrientationLandscapeRight";
				INFOPLIST_KEY_UISupportedInterfaceOrientations_iPhone = "UIInterfaceOrientationPortrait UIInterfaceOrientationLandscapeLeft UIInterfaceOrientationLandscapeRight";
				LD_RUNPATH_SEARCH_PATHS = (
					"$(inherited)",
					"@executable_path/Frameworks",
				);
				MARKETING_VERSION = 1.0;
				PRODUCT_BUNDLE_IDENTIFIER = "vn.upinmcSE.SwiftUI-Text";
				PRODUCT_NAME = "$(TARGET_NAME)";
				SWIFT_EMIT_LOC_STRINGS = YES;
				SWIFT_VERSION = 5.0;
				TARGETED_DEVICE_FAMILY = "1,2";
			};
			name = Debug;
		};
		448987052D5F8E9B006D6BB8 /* Release */ = {
			isa = XCBuildConfiguration;
			buildSettings = {
				ASSETCATALOG_COMPILER_APPICON_NAME = AppIcon;
				ASSETCATALOG_COMPILER_GLOBAL_ACCENT_COLOR_NAME = AccentColor;
				CODE_SIGN_STYLE = Automatic;
				CURRENT_PROJECT_VERSION = 1;
				DEVELOPMENT_ASSET_PATHS = "\"SwiftUI_Text/Preview Content\"";
				DEVELOPMENT_TEAM = H59XY639YM;
				ENABLE_PREVIEWS = YES;
				GENERATE_INFOPLIST_FILE = YES;
				INFOPLIST_KEY_UIApplicationSceneManifest_Generation = YES;
				INFOPLIST_KEY_UIApplicationSupportsIndirectInputEvents = YES;
				INFOPLIST_KEY_UILaunchScreen_Generation = YES;
				INFOPLIST_KEY_UISupportedInterfaceOrientations_iPad = "UIInterfaceOrientationPortrait UIInterfaceOrientationPortraitUpsideDown UIInterfaceOrientationLandscapeLeft UIInterfaceOrientationLandscapeRight";
				INFOPLIST_KEY_UISupportedInterfaceOrientations_iPhone = "UIInterfaceOrientationPortrait UIInterfaceOrientationLandscapeLeft UIInterfaceOrientationLandscapeRight";
				LD_RUNPATH_SEARCH_PATHS = (
					"$(inherited)",
					"@executable_path/Frameworks",
				);
				MARKETING_VERSION = 1.0;
				PRODUCT_BUNDLE_IDENTIFIER = "vn.upinmcSE.SwiftUI-Text";
				PRODUCT_NAME = "$(TARGET_NAME)";
				SWIFT_EMIT_LOC_STRINGS = YES;
				SWIFT_VERSION = 5.0;
				TARGETED_DEVICE_FAMILY = "1,2";
			};
			name = Release;
		};
		448987072D5F8E9B006D6BB8 /* Debug */ = {
			isa = XCBuildConfiguration;
			buildSettings = {
				BUNDLE_LOADER = "$(TEST_HOST)";
				CODE_SIGN_STYLE = Automatic;
				CURRENT_PROJECT_VERSION = 1;
				DEVELOPMENT_TEAM = H59XY639YM;
				GENERATE_INFOPLIST_FILE = YES;
				IPHONEOS_DEPLOYMENT_TARGET = 18.2;
				MARKETING_VERSION = 1.0;
				PRODUCT_BUNDLE_IDENTIFIER = "vn.upinmcSE.SwiftUI-TextTests";
				PRODUCT_NAME = "$(TARGET_NAME)";
				SWIFT_EMIT_LOC_STRINGS = NO;
				SWIFT_VERSION = 5.0;
				TARGETED_DEVICE_FAMILY = "1,2";
				TEST_HOST = "$(BUILT_PRODUCTS_DIR)/SwiftUI_Text.app/$(BUNDLE_EXECUTABLE_FOLDER_PATH)/SwiftUI_Text";
			};
			name = Debug;
		};
		448987082D5F8E9B006D6BB8 /* Release */ = {
			isa = XCBuildConfiguration;
			buildSettings = {
				BUNDLE_LOADER = "$(TEST_HOST)";
				CODE_SIGN_STYLE = Automatic;
				CURRENT_PROJECT_VERSION = 1;
				DEVELOPMENT_TEAM = H59XY639YM;
				GENERATE_INFOPLIST_FILE = YES;
				IPHONEOS_DEPLOYMENT_TARGET = 18.2;
				MARKETING_VERSION = 1.0;
				PRODUCT_BUNDLE_IDENTIFIER = "vn.upinmcSE.SwiftUI-TextTests";
				PRODUCT_NAME = "$(TARGET_NAME)";
				SWIFT_EMIT_LOC_STRINGS = NO;
				SWIFT_VERSION = 5.0;
				TARGETED_DEVICE_FAMILY = "1,2";
				TEST_HOST = "$(BUILT_PRODUCTS_DIR)/SwiftUI_Text.app/$(BUNDLE_EXECUTABLE_FOLDER_PATH)/SwiftUI_Text";
			};
			name = Release;
		};
		4489870A2D5F8E9B006D6BB8 /* Debug */ = {
			isa = XCBuildConfiguration;
			buildSettings = {
				CODE_SIGN_STYLE = Automatic;
				CURRENT_PROJECT_VERSION = 1;
				DEVELOPMENT_TEAM = H59XY639YM;
				GENERATE_INFOPLIST_FILE = YES;
				MARKETING_VERSION = 1.0;
				PRODUCT_BUNDLE_IDENTIFIER = "vn.upinmcSE.SwiftUI-TextUITests";
				PRODUCT_NAME = "$(TARGET_NAME)";
				SWIFT_EMIT_LOC_STRINGS = NO;
				SWIFT_VERSION = 5.0;
				TARGETED_DEVICE_FAMILY = "1,2";
				TEST_TARGET_NAME = SwiftUI_Text;
			};
			name = Debug;
		};
		4489870B2D5F8E9B006D6BB8 /* Release */ = {
			isa = XCBuildConfiguration;
			buildSettings = {
				CODE_SIGN_STYLE = Automatic;
				CURRENT_PROJECT_VERSION = 1;
				DEVELOPMENT_TEAM = H59XY639YM;
				GENERATE_INFOPLIST_FILE = YES;
				MARKETING_VERSION = 1.0;
				PRODUCT_BUNDLE_IDENTIFIER = "vn.upinmcSE.SwiftUI-TextUITests";
				PRODUCT_NAME = "$(TARGET_NAME)";
				SWIFT_EMIT_LOC_STRINGS = NO;
				SWIFT_VERSION = 5.0;
				TARGETED_DEVICE_FAMILY = "1,2";
				TEST_TARGET_NAME = SwiftUI_Text;
			};
			name = Release;
		};
/* End XCBuildConfiguration section */

/* Begin XCConfigurationList section */
		448986DA2D5F8E9A006D6BB8 /* Build configuration list for PBXProject "SwiftUI_Text" */ = {
			isa = XCConfigurationList;
			buildConfigurations = (
				448987012D5F8E9B006D6BB8 /* Debug */,
				448987022D5F8E9B006D6BB8 /* Release */,
			);
			defaultConfigurationIsVisible = 0;
			defaultConfigurationName = Release;
		};
		448987032D5F8E9B006D6BB8 /* Build configuration list for PBXNativeTarget "SwiftUI_Text" */ = {
			isa = XCConfigurationList;
			buildConfigurations = (
				448987042D5F8E9B006D6BB8 /* Debug */,
				448987052D5F8E9B006D6BB8 /* Release */,
			);
			defaultConfigurationIsVisible = 0;
			defaultConfigurationName = Release;
		};
		448987062D5F8E9B006D6BB8 /* Build configuration list for PBXNativeTarget "SwiftUI_TextTests" */ = {
			isa = XCConfigurationList;
			buildConfigurations = (
				448987072D5F8E9B006D6BB8 /* Debug */,
				448987082D5F8E9B006D6BB8 /* Release */,
			);
			defaultConfigurationIsVisible = 0;
			defaultConfigurationName = Release;
		};
		448987092D5F8E9B006D6BB8 /* Build configuration list for PBXNativeTarget "SwiftUI_TextUITests" */ = {
			isa = XCConfigurationList;
			buildConfigurations = (
				4489870A2D5F8E9B006D6BB8 /* Debug */,
				4489870B2D5F8E9B006D6BB8 /* Release */,
			);
			defaultConfigurationIsVisible = 0;
			defaultConfigurationName = Release;
		};
/* End XCConfigurationList section */
	};
	rootObject = 448986D72D5F8E9A006D6BB8 /* Project object */;
}
