// !$*UTF8*$!
{
	archiveVersion = 1;
	classes = {
	};
	objectVersion = 77;
	objects = {

/* Begin PBXContainerItemProxy section */
		4463AE962D60765500C98F5E /* PBXContainerItemProxy */ = {
			isa = PBXContainerItemProxy;
			containerPortal = 4463AE7D2D60765300C98F5E /* Project object */;
			proxyType = 1;
			remoteGlobalIDString = 4463AE842D60765300C98F5E;
			remoteInfo = SwiftUI_Slider;
		};
		4463AEA02D60765500C98F5E /* PBXContainerItemProxy */ = {
			isa = PBXContainerItemProxy;
			containerPortal = 4463AE7D2D60765300C98F5E /* Project object */;
			proxyType = 1;
			remoteGlobalIDString = 4463AE842D60765300C98F5E;
			remoteInfo = SwiftUI_Slider;
		};
/* End PBXContainerItemProxy section */

/* Begin PBXFileReference section */
		4463AE852D60765300C98F5E /* SwiftUI_Slider.app */ = {isa = PBXFileReference; explicitFileType = wrapper.application; includeInIndex = 0; path = SwiftUI_Slider.app; sourceTree = BUILT_PRODUCTS_DIR; };
		4463AE952D60765500C98F5E /* SwiftUI_SliderTests.xctest */ = {isa = PBXFileReference; explicitFileType = wrapper.cfbundle; includeInIndex = 0; path = SwiftUI_SliderTests.xctest; sourceTree = BUILT_PRODUCTS_DIR; };
		4463AE9F2D60765500C98F5E /* SwiftUI_SliderUITests.xctest */ = {isa = PBXFileReference; explicitFileType = wrapper.cfbundle; includeInIndex = 0; path = SwiftUI_SliderUITests.xctest; sourceTree = BUILT_PRODUCTS_DIR; };
/* End PBXFileReference section */

/* Begin PBXFileSystemSynchronizedRootGroup section */
		4463AE872D60765300C98F5E /* SwiftUI_Slider */ = {
			isa = PBXFileSystemSynchronizedRootGroup;
			path = SwiftUI_Slider;
			sourceTree = "<group>";
		};
		4463AE982D60765500C98F5E /* SwiftUI_SliderTests */ = {
			isa = PBXFileSystemSynchronizedRootGroup;
			path = SwiftUI_SliderTests;
			sourceTree = "<group>";
		};
		4463AEA22D60765500C98F5E /* SwiftUI_SliderUITests */ = {
			isa = PBXFileSystemSynchronizedRootGroup;
			path = SwiftUI_SliderUITests;
			sourceTree = "<group>";
		};
/* End PBXFileSystemSynchronizedRootGroup section */

/* Begin PBXFrameworksBuildPhase section */
		4463AE822D60765300C98F5E /* Frameworks */ = {
			isa = PBXFrameworksBuildPhase;
			buildActionMask = 2147483647;
			files = (
			);
			runOnlyForDeploymentPostprocessing = 0;
		};
		4463AE922D60765500C98F5E /* Frameworks */ = {
			isa = PBXFrameworksBuildPhase;
			buildActionMask = 2147483647;
			files = (
			);
			runOnlyForDeploymentPostprocessing = 0;
		};
		4463AE9C2D60765500C98F5E /* Frameworks */ = {
			isa = PBXFrameworksBuildPhase;
			buildActionMask = 2147483647;
			files = (
			);
			runOnlyForDeploymentPostprocessing = 0;
		};
/* End PBXFrameworksBuildPhase section */

/* Begin PBXGroup section */
		4463AE7C2D60765300C98F5E = {
			isa = PBXGroup;
			children = (
				4463AE872D60765300C98F5E /* SwiftUI_Slider */,
				4463AE982D60765500C98F5E /* SwiftUI_SliderTests */,
				4463AEA22D60765500C98F5E /* SwiftUI_SliderUITests */,
				4463AE862D60765300C98F5E /* Products */,
			);
			sourceTree = "<group>";
		};
		4463AE862D60765300C98F5E /* Products */ = {
			isa = PBXGroup;
			children = (
				4463AE852D60765300C98F5E /* SwiftUI_Slider.app */,
				4463AE952D60765500C98F5E /* SwiftUI_SliderTests.xctest */,
				4463AE9F2D60765500C98F5E /* SwiftUI_SliderUITests.xctest */,
			);
			name = Products;
			sourceTree = "<group>";
		};
/* End PBXGroup section */

/* Begin PBXNativeTarget section */
		4463AE842D60765300C98F5E /* SwiftUI_Slider */ = {
			isa = PBXNativeTarget;
			buildConfigurationList = 4463AEA92D60765500C98F5E /* Build configuration list for PBXNativeTarget "SwiftUI_Slider" */;
			buildPhases = (
				4463AE812D60765300C98F5E /* Sources */,
				4463AE822D60765300C98F5E /* Frameworks */,
				4463AE832D60765300C98F5E /* Resources */,
			);
			buildRules = (
			);
			dependencies = (
			);
			fileSystemSynchronizedGroups = (
				4463AE872D60765300C98F5E /* SwiftUI_Slider */,
			);
			name = SwiftUI_Slider;
			packageProductDependencies = (
			);
			productName = SwiftUI_Slider;
			productReference = 4463AE852D60765300C98F5E /* SwiftUI_Slider.app */;
			productType = "com.apple.product-type.application";
		};
		4463AE942D60765500C98F5E /* SwiftUI_SliderTests */ = {
			isa = PBXNativeTarget;
			buildConfigurationList = 4463AEAC2D60765500C98F5E /* Build configuration list for PBXNativeTarget "SwiftUI_SliderTests" */;
			buildPhases = (
				4463AE912D60765500C98F5E /* Sources */,
				4463AE922D60765500C98F5E /* Frameworks */,
				4463AE932D60765500C98F5E /* Resources */,
			);
			buildRules = (
			);
			dependencies = (
				4463AE972D60765500C98F5E /* PBXTargetDependency */,
			);
			fileSystemSynchronizedGroups = (
				4463AE982D60765500C98F5E /* SwiftUI_SliderTests */,
			);
			name = SwiftUI_SliderTests;
			packageProductDependencies = (
			);
			productName = SwiftUI_SliderTests;
			productReference = 4463AE952D60765500C98F5E /* SwiftUI_SliderTests.xctest */;
			productType = "com.apple.product-type.bundle.unit-test";
		};
		4463AE9E2D60765500C98F5E /* SwiftUI_SliderUITests */ = {
			isa = PBXNativeTarget;
			buildConfigurationList = 4463AEAF2D60765500C98F5E /* Build configuration list for PBXNativeTarget "SwiftUI_SliderUITests" */;
			buildPhases = (
				4463AE9B2D60765500C98F5E /* Sources */,
				4463AE9C2D60765500C98F5E /* Frameworks */,
				4463AE9D2D60765500C98F5E /* Resources */,
			);
			buildRules = (
			);
			dependencies = (
				4463AEA12D60765500C98F5E /* PBXTargetDependency */,
			);
			fileSystemSynchronizedGroups = (
				4463AEA22D60765500C98F5E /* SwiftUI_SliderUITests */,
			);
			name = SwiftUI_SliderUITests;
			packageProductDependencies = (
			);
			productName = SwiftUI_SliderUITests;
			productReference = 4463AE9F2D60765500C98F5E /* SwiftUI_SliderUITests.xctest */;
			productType = "com.apple.product-type.bundle.ui-testing";
		};
/* End PBXNativeTarget section */

/* Begin PBXProject section */
		4463AE7D2D60765300C98F5E /* Project object */ = {
			isa = PBXProject;
			attributes = {
				BuildIndependentTargetsInParallel = 1;
				LastSwiftUpdateCheck = 1620;
				LastUpgradeCheck = 1620;
				TargetAttributes = {
					4463AE842D60765300C98F5E = {
						CreatedOnToolsVersion = 16.2;
					};
					4463AE942D60765500C98F5E = {
						CreatedOnToolsVersion = 16.2;
						TestTargetID = 4463AE842D60765300C98F5E;
					};
					4463AE9E2D60765500C98F5E = {
						CreatedOnToolsVersion = 16.2;
						TestTargetID = 4463AE842D60765300C98F5E;
					};
				};
			};
			buildConfigurationList = 4463AE802D60765300C98F5E /* Build configuration list for PBXProject "SwiftUI_Slider" */;
			developmentRegion = en;
			hasScannedForEncodings = 0;
			knownRegions = (
				en,
				Base,
			);
			mainGroup = 4463AE7C2D60765300C98F5E;
			minimizedProjectReferenceProxies = 1;
			preferredProjectObjectVersion = 77;
			productRefGroup = 4463AE862D60765300C98F5E /* Products */;
			projectDirPath = "";
			projectRoot = "";
			targets = (
				4463AE842D60765300C98F5E /* SwiftUI_Slider */,
				4463AE942D60765500C98F5E /* SwiftUI_SliderTests */,
				4463AE9E2D60765500C98F5E /* SwiftUI_SliderUITests */,
			);
		};
/* End PBXProject section */

/* Begin PBXResourcesBuildPhase section */
		4463AE832D60765300C98F5E /* Resources */ = {
			isa = PBXResourcesBuildPhase;
			buildActionMask = 2147483647;
			files = (
			);
			runOnlyForDeploymentPostprocessing = 0;
		};
		4463AE932D60765500C98F5E /* Resources */ = {
			isa = PBXResourcesBuildPhase;
			buildActionMask = 2147483647;
			files = (
			);
			runOnlyForDeploymentPostprocessing = 0;
		};
		4463AE9D2D60765500C98F5E /* Resources */ = {
			isa = PBXResourcesBuildPhase;
			buildActionMask = 2147483647;
			files = (
			);
			runOnlyForDeploymentPostprocessing = 0;
		};
/* End PBXResourcesBuildPhase section */

/* Begin PBXSourcesBuildPhase section */
		4463AE812D60765300C98F5E /* Sources */ = {
			isa = PBXSourcesBuildPhase;
			buildActionMask = 2147483647;
			files = (
			);
			runOnlyForDeploymentPostprocessing = 0;
		};
		4463AE912D60765500C98F5E /* Sources */ = {
			isa = PBXSourcesBuildPhase;
			buildActionMask = 2147483647;
			files = (
			);
			runOnlyForDeploymentPostprocessing = 0;
		};
		4463AE9B2D60765500C98F5E /* Sources */ = {
			isa = PBXSourcesBuildPhase;
			buildActionMask = 2147483647;
			files = (
			);
			runOnlyForDeploymentPostprocessing = 0;
		};
/* End PBXSourcesBuildPhase section */

/* Begin PBXTargetDependency section */
		4463AE972D60765500C98F5E /* PBXTargetDependency */ = {
			isa = PBXTargetDependency;
			target = 4463AE842D60765300C98F5E /* SwiftUI_Slider */;
			targetProxy = 4463AE962D60765500C98F5E /* PBXContainerItemProxy */;
		};
		4463AEA12D60765500C98F5E /* PBXTargetDependency */ = {
			isa = PBXTargetDependency;
			target = 4463AE842D60765300C98F5E /* SwiftUI_Slider */;
			targetProxy = 4463AEA02D60765500C98F5E /* PBXContainerItemProxy */;
		};
/* End PBXTargetDependency section */

/* Begin XCBuildConfiguration section */
		4463AEA72D60765500C98F5E /* Debug */ = {
			isa = XCBuildConfiguration;
			buildSettings = {
				ALWAYS_SEARCH_USER_PATHS = NO;
				ASSETCATALOG_COMPILER_GENERATE_SWIFT_ASSET_SYMBOL_EXTENSIONS = YES;
				CLANG_ANALYZER_NONNULL = YES;
				CLANG_ANALYZER_NUMBER_OBJECT_CONVERSION = YES_AGGRESSIVE;
				CLANG_CXX_LANGUAGE_STANDARD = "gnu++20";
				CLANG_ENABLE_MODULES = YES;
				CLANG_ENABLE_OBJC_ARC = YES;
				CLANG_ENABLE_OBJC_WEAK = YES;
				CLANG_WARN_BLOCK_CAPTURE_AUTORELEASING = YES;
				CLANG_WARN_BOOL_CONVERSION = YES;
				CLANG_WARN_COMMA = YES;
				CLANG_WARN_CONSTANT_CONVERSION = YES;
				CLANG_WARN_DEPRECATED_OBJC_IMPLEMENTATIONS = YES;
				CLANG_WARN_DIRECT_OBJC_ISA_USAGE = YES_ERROR;
				CLANG_WARN_DOCUMENTATION_COMMENTS = YES;
				CLANG_WARN_EMPTY_BODY = YES;
				CLANG_WARN_ENUM_CONVERSION = YES;
				CLANG_WARN_INFINITE_RECURSION = YES;
				CLANG_WARN_INT_CONVERSION = YES;
				CLANG_WARN_NON_LITERAL_NULL_CONVERSION = YES;
				CLANG_WARN_OBJC_IMPLICIT_RETAIN_SELF = YES;
				CLANG_WARN_OBJC_LITERAL_CONVERSION = YES;
				CLANG_WARN_OBJC_ROOT_CLASS = YES_ERROR;
				CLANG_WARN_QUOTED_INCLUDE_IN_FRAMEWORK_HEADER = YES;
				CLANG_WARN_RANGE_LOOP_ANALYSIS = YES;
				CLANG_WARN_STRICT_PROTOTYPES = YES;
				CLANG_WARN_SUSPICIOUS_MOVE = YES;
				CLANG_WARN_UNGUARDED_AVAILABILITY = YES_AGGRESSIVE;
				CLANG_WARN_UNREACHABLE_CODE = YES;
				CLANG_WARN__DUPLICATE_METHOD_MATCH = YES;
				COPY_PHASE_STRIP = NO;
				DEBUG_INFORMATION_FORMAT = dwarf;
				ENABLE_STRICT_OBJC_MSGSEND = YES;
				ENABLE_TESTABILITY = YES;
				ENABLE_USER_SCRIPT_SANDBOXING = YES;
				GCC_C_LANGUAGE_STANDARD = gnu17;
				GCC_DYNAMIC_NO_PIC = NO;
				GCC_NO_COMMON_BLOCKS = YES;
				GCC_OPTIMIZATION_LEVEL = 0;
				GCC_PREPROCESSOR_DEFINITIONS = (
					"DEBUG=1",
					"$(inherited)",
				);
				GCC_WARN_64_TO_32_BIT_CONVERSION = YES;
				GCC_WARN_ABOUT_RETURN_TYPE = YES_ERROR;
				GCC_WARN_UNDECLARED_SELECTOR = YES;
				GCC_WARN_UNINITIALIZED_AUTOS = YES_AGGRESSIVE;
				GCC_WARN_UNUSED_FUNCTION = YES;
				GCC_WARN_UNUSED_VARIABLE = YES;
				IPHONEOS_DEPLOYMENT_TARGET = 18.2;
				LOCALIZATION_PREFERS_STRING_CATALOGS = YES;
				MTL_ENABLE_DEBUG_INFO = INCLUDE_SOURCE;
				MTL_FAST_MATH = YES;
				ONLY_ACTIVE_ARCH = YES;
				SDKROOT = iphoneos;
				SWIFT_ACTIVE_COMPILATION_CONDITIONS = "DEBUG $(inherited)";
				SWIFT_OPTIMIZATION_LEVEL = "-Onone";
			};
			name = Debug;
		};
		4463AEA82D60765500C98F5E /* Release */ = {
			isa = XCBuildConfiguration;
			buildSettings = {
				ALWAYS_SEARCH_USER_PATHS = NO;
				ASSETCATALOG_COMPILER_GENERATE_SWIFT_ASSET_SYMBOL_EXTENSIONS = YES;
				CLANG_ANALYZER_NONNULL = YES;
				CLANG_ANALYZER_NUMBER_OBJECT_CONVERSION = YES_AGGRESSIVE;
				CLANG_CXX_LANGUAGE_STANDARD = "gnu++20";
				CLANG_ENABLE_MODULES = YES;
				CLANG_ENABLE_OBJC_ARC = YES;
				CLANG_ENABLE_OBJC_WEAK = YES;
				CLANG_WARN_BLOCK_CAPTURE_AUTORELEASING = YES;
				CLANG_WARN_BOOL_CONVERSION = YES;
				CLANG_WARN_COMMA = YES;
				CLANG_WARN_CONSTANT_CONVERSION = YES;
				CLANG_WARN_DEPRECATED_OBJC_IMPLEMENTATIONS = YES;
				CLANG_WARN_DIRECT_OBJC_ISA_USAGE = YES_ERROR;
				CLANG_WARN_DOCUMENTATION_COMMENTS = YES;
				CLANG_WARN_EMPTY_BODY = YES;
				CLANG_WARN_ENUM_CONVERSION = YES;
				CLANG_WARN_INFINITE_RECURSION = YES;
				CLANG_WARN_INT_CONVERSION = YES;
				CLANG_WARN_NON_LITERAL_NULL_CONVERSION = YES;
				CLANG_WARN_OBJC_IMPLICIT_RETAIN_SELF = YES;
				CLANG_WARN_OBJC_LITERAL_CONVERSION = YES;
				CLANG_WARN_OBJC_ROOT_CLASS = YES_ERROR;
				CLANG_WARN_QUOTED_INCLUDE_IN_FRAMEWORK_HEADER = YES;
				CLANG_WARN_RANGE_LOOP_ANALYSIS = YES;
				CLANG_WARN_STRICT_PROTOTYPES = YES;
				CLANG_WARN_SUSPICIOUS_MOVE = YES;
				CLANG_WARN_UNGUARDED_AVAILABILITY = YES_AGGRESSIVE;
				CLANG_WARN_UNREACHABLE_CODE = YES;
				CLANG_WARN__DUPLICATE_METHOD_MATCH = YES;
				COPY_PHASE_STRIP = NO;
				DEBUG_INFORMATION_FORMAT = "dwarf-with-dsym";
				ENABLE_NS_ASSERTIONS = NO;
				ENABLE_STRICT_OBJC_MSGSEND = YES;
				ENABLE_USER_SCRIPT_SANDBOXING = YES;
				GCC_C_LANGUAGE_STANDARD = gnu17;
				GCC_NO_COMMON_BLOCKS = YES;
				GCC_WARN_64_TO_32_BIT_CONVERSION = YES;
				GCC_WARN_ABOUT_RETURN_TYPE = YES_ERROR;
				GCC_WARN_UNDECLARED_SELECTOR = YES;
				GCC_WARN_UNINITIALIZED_AUTOS = YES_AGGRESSIVE;
				GCC_WARN_UNUSED_FUNCTION = YES;
				GCC_WARN_UNUSED_VARIABLE = YES;
				IPHONEOS_DEPLOYMENT_TARGET = 18.2;
				LOCALIZATION_PREFERS_STRING_CATALOGS = YES;
				MTL_ENABLE_DEBUG_INFO = NO;
				MTL_FAST_MATH = YES;
				SDKROOT = iphoneos;
				SWIFT_COMPILATION_MODE = wholemodule;
				VALIDATE_PRODUCT = YES;
			};
			name = Release;
		};
		4463AEAA2D60765500C98F5E /* Debug */ = {
			isa = XCBuildConfiguration;
			buildSettings = {
				ASSETCATALOG_COMPILER_APPICON_NAME = AppIcon;
				ASSETCATALOG_COMPILER_GLOBAL_ACCENT_COLOR_NAME = AccentColor;
				CODE_SIGN_STYLE = Automatic;
				CURRENT_PROJECT_VERSION = 1;
				DEVELOPMENT_ASSET_PATHS = "\"SwiftUI_Slider/Preview Content\"";
				DEVELOPMENT_TEAM = H59XY639YM;
				ENABLE_PREVIEWS = YES;
				GENERATE_INFOPLIST_FILE = YES;
				INFOPLIST_KEY_UIApplicationSceneManifest_Generation = YES;
				INFOPLIST_KEY_UIApplicationSupportsIndirectInputEvents = YES;
				INFOPLIST_KEY_UILaunchScreen_Generation = YES;
				INFOPLIST_KEY_UISupportedInterfaceOrientations_iPad = "UIInterfaceOrientationPortrait UIInterfaceOrientationPortraitUpsideDown UIInterfaceOrientationLandscapeLeft UIInterfaceOrientationLandscapeRight";
				INFOPLIST_KEY_UISupportedInterfaceOrientations_iPhone = "UIInterfaceOrientationPortrait UIInterfaceOrientationLandscapeLeft UIInterfaceOrientationLandscapeRight";
				LD_RUNPATH_SEARCH_PATHS = (
					"$(inherited)",
					"@executable_path/Frameworks",
				);
				MARKETING_VERSION = 1.0;
				PRODUCT_BUNDLE_IDENTIFIER = "vn.upinmcSE.SwiftUI-Slider";
				PRODUCT_NAME = "$(TARGET_NAME)";
				SWIFT_EMIT_LOC_STRINGS = YES;
				SWIFT_VERSION = 5.0;
				TARGETED_DEVICE_FAMILY = "1,2";
			};
			name = Debug;
		};
		4463AEAB2D60765500C98F5E /* Release */ = {
			isa = XCBuildConfiguration;
			buildSettings = {
				ASSETCATALOG_COMPILER_APPICON_NAME = AppIcon;
				ASSETCATALOG_COMPILER_GLOBAL_ACCENT_COLOR_NAME = AccentColor;
				CODE_SIGN_STYLE = Automatic;
				CURRENT_PROJECT_VERSION = 1;
				DEVELOPMENT_ASSET_PATHS = "\"SwiftUI_Slider/Preview Content\"";
				DEVELOPMENT_TEAM = H59XY639YM;
				ENABLE_PREVIEWS = YES;
				GENERATE_INFOPLIST_FILE = YES;
				INFOPLIST_KEY_UIApplicationSceneManifest_Generation = YES;
				INFOPLIST_KEY_UIApplicationSupportsIndirectInputEvents = YES;
				INFOPLIST_KEY_UILaunchScreen_Generation = YES;
				INFOPLIST_KEY_UISupportedInterfaceOrientations_iPad = "UIInterfaceOrientationPortrait UIInterfaceOrientationPortraitUpsideDown UIInterfaceOrientationLandscapeLeft UIInterfaceOrientationLandscapeRight";
				INFOPLIST_KEY_UISupportedInterfaceOrientations_iPhone = "UIInterfaceOrientationPortrait UIInterfaceOrientationLandscapeLeft UIInterfaceOrientationLandscapeRight";
				LD_RUNPATH_SEARCH_PATHS = (
					"$(inherited)",
					"@executable_path/Frameworks",
				);
				MARKETING_VERSION = 1.0;
				PRODUCT_BUNDLE_IDENTIFIER = "vn.upinmcSE.SwiftUI-Slider";
				PRODUCT_NAME = "$(TARGET_NAME)";
				SWIFT_EMIT_LOC_STRINGS = YES;
				SWIFT_VERSION = 5.0;
				TARGETED_DEVICE_FAMILY = "1,2";
			};
			name = Release;
		};
		4463AEAD2D60765500C98F5E /* Debug */ = {
			isa = XCBuildConfiguration;
			buildSettings = {
				BUNDLE_LOADER = "$(TEST_HOST)";
				CODE_SIGN_STYLE = Automatic;
				CURRENT_PROJECT_VERSION = 1;
				DEVELOPMENT_TEAM = H59XY639YM;
				GENERATE_INFOPLIST_FILE = YES;
				IPHONEOS_DEPLOYMENT_TARGET = 18.2;
				MARKETING_VERSION = 1.0;
				PRODUCT_BUNDLE_IDENTIFIER = "vn.upinmcSE.SwiftUI-SliderTests";
				PRODUCT_NAME = "$(TARGET_NAME)";
				SWIFT_EMIT_LOC_STRINGS = NO;
				SWIFT_VERSION = 5.0;
				TARGETED_DEVICE_FAMILY = "1,2";
				TEST_HOST = "$(BUILT_PRODUCTS_DIR)/SwiftUI_Slider.app/$(BUNDLE_EXECUTABLE_FOLDER_PATH)/SwiftUI_Slider";
			};
			name = Debug;
		};
		4463AEAE2D60765500C98F5E /* Release */ = {
			isa = XCBuildConfiguration;
			buildSettings = {
				BUNDLE_LOADER = "$(TEST_HOST)";
				CODE_SIGN_STYLE = Automatic;
				CURRENT_PROJECT_VERSION = 1;
				DEVELOPMENT_TEAM = H59XY639YM;
				GENERATE_INFOPLIST_FILE = YES;
				IPHONEOS_DEPLOYMENT_TARGET = 18.2;
				MARKETING_VERSION = 1.0;
				PRODUCT_BUNDLE_IDENTIFIER = "vn.upinmcSE.SwiftUI-SliderTests";
				PRODUCT_NAME = "$(TARGET_NAME)";
				SWIFT_EMIT_LOC_STRINGS = NO;
				SWIFT_VERSION = 5.0;
				TARGETED_DEVICE_FAMILY = "1,2";
				TEST_HOST = "$(BUILT_PRODUCTS_DIR)/SwiftUI_Slider.app/$(BUNDLE_EXECUTABLE_FOLDER_PATH)/SwiftUI_Slider";
			};
			name = Release;
		};
		4463AEB02D60765500C98F5E /* Debug */ = {
			isa = XCBuildConfiguration;
			buildSettings = {
				CODE_SIGN_STYLE = Automatic;
				CURRENT_PROJECT_VERSION = 1;
				DEVELOPMENT_TEAM = H59XY639YM;
				GENERATE_INFOPLIST_FILE = YES;
				MARKETING_VERSION = 1.0;
				PRODUCT_BUNDLE_IDENTIFIER = "vn.upinmcSE.SwiftUI-SliderUITests";
				PRODUCT_NAME = "$(TARGET_NAME)";
				SWIFT_EMIT_LOC_STRINGS = NO;
				SWIFT_VERSION = 5.0;
				TARGETED_DEVICE_FAMILY = "1,2";
				TEST_TARGET_NAME = SwiftUI_Slider;
			};
			name = Debug;
		};
		4463AEB12D60765500C98F5E /* Release */ = {
			isa = XCBuildConfiguration;
			buildSettings = {
				CODE_SIGN_STYLE = Automatic;
				CURRENT_PROJECT_VERSION = 1;
				DEVELOPMENT_TEAM = H59XY639YM;
				GENERATE_INFOPLIST_FILE = YES;
				MARKETING_VERSION = 1.0;
				PRODUCT_BUNDLE_IDENTIFIER = "vn.upinmcSE.SwiftUI-SliderUITests";
				PRODUCT_NAME = "$(TARGET_NAME)";
				SWIFT_EMIT_LOC_STRINGS = NO;
				SWIFT_VERSION = 5.0;
				TARGETED_DEVICE_FAMILY = "1,2";
				TEST_TARGET_NAME = SwiftUI_Slider;
			};
			name = Release;
		};
/* End XCBuildConfiguration section */

/* Begin XCConfigurationList section */
		4463AE802D60765300C98F5E /* Build configuration list for PBXProject "SwiftUI_Slider" */ = {
			isa = XCConfigurationList;
			buildConfigurations = (
				4463AEA72D60765500C98F5E /* Debug */,
				4463AEA82D60765500C98F5E /* Release */,
			);
			defaultConfigurationIsVisible = 0;
			defaultConfigurationName = Release;
		};
		4463AEA92D60765500C98F5E /* Build configuration list for PBXNativeTarget "SwiftUI_Slider" */ = {
			isa = XCConfigurationList;
			buildConfigurations = (
				4463AEAA2D60765500C98F5E /* Debug */,
				4463AEAB2D60765500C98F5E /* Release */,
			);
			defaultConfigurationIsVisible = 0;
			defaultConfigurationName = Release;
		};
		4463AEAC2D60765500C98F5E /* Build configuration list for PBXNativeTarget "SwiftUI_SliderTests" */ = {
			isa = XCConfigurationList;
			buildConfigurations = (
				4463AEAD2D60765500C98F5E /* Debug */,
				4463AEAE2D60765500C98F5E /* Release */,
			);
			defaultConfigurationIsVisible = 0;
			defaultConfigurationName = Release;
		};
		4463AEAF2D60765500C98F5E /* Build configuration list for PBXNativeTarget "SwiftUI_SliderUITests" */ = {
			isa = XCConfigurationList;
			buildConfigurations = (
				4463AEB02D60765500C98F5E /* Debug */,
				4463AEB12D60765500C98F5E /* Release */,
			);
			defaultConfigurationIsVisible = 0;
			defaultConfigurationName = Release;
		};
/* End XCConfigurationList section */
	};
	rootObject = 4463AE7D2D60765300C98F5E /* Project object */;
}
