// !$*UTF8*$!
{
	archiveVersion = 1;
	classes = {
	};
	objectVersion = 77;
	objects = {

/* Begin PBXContainerItemProxy section */
		4463AE602D606DF600C98F5E /* PBXContainerItemProxy */ = {
			isa = PBXContainerItemProxy;
			containerPortal = 4463AE472D606DF600C98F5E /* Project object */;
			proxyType = 1;
			remoteGlobalIDString = 4463AE4E2D606DF600C98F5E;
			remoteInfo = SwiftUI_Toggle;
		};
		4463AE6A2D606DF600C98F5E /* PBXContainerItemProxy */ = {
			isa = PBXContainerItemProxy;
			containerPortal = 4463AE472D606DF600C98F5E /* Project object */;
			proxyType = 1;
			remoteGlobalIDString = 4463AE4E2D606DF600C98F5E;
			remoteInfo = SwiftUI_Toggle;
		};
/* End PBXContainerItemProxy section */

/* Begin PBXFileReference section */
		4463AE4F2D606DF600C98F5E /* SwiftUI_Toggle.app */ = {isa = PBXFileReference; explicitFileType = wrapper.application; includeInIndex = 0; path = SwiftUI_Toggle.app; sourceTree = BUILT_PRODUCTS_DIR; };
		4463AE5F2D606DF600C98F5E /* SwiftUI_ToggleTests.xctest */ = {isa = PBXFileReference; explicitFileType = wrapper.cfbundle; includeInIndex = 0; path = SwiftUI_ToggleTests.xctest; sourceTree = BUILT_PRODUCTS_DIR; };
		4463AE692D606DF600C98F5E /* SwiftUI_ToggleUITests.xctest */ = {isa = PBXFileReference; explicitFileType = wrapper.cfbundle; includeInIndex = 0; path = SwiftUI_ToggleUITests.xctest; sourceTree = BUILT_PRODUCTS_DIR; };
/* End PBXFileReference section */

/* Begin PBXFileSystemSynchronizedRootGroup section */
		4463AE512D606DF600C98F5E /* SwiftUI_Toggle */ = {
			isa = PBXFileSystemSynchronizedRootGroup;
			path = SwiftUI_Toggle;
			sourceTree = "<group>";
		};
		4463AE622D606DF600C98F5E /* SwiftUI_ToggleTests */ = {
			isa = PBXFileSystemSynchronizedRootGroup;
			path = SwiftUI_ToggleTests;
			sourceTree = "<group>";
		};
		4463AE6C2D606DF600C98F5E /* SwiftUI_ToggleUITests */ = {
			isa = PBXFileSystemSynchronizedRootGroup;
			path = SwiftUI_ToggleUITests;
			sourceTree = "<group>";
		};
/* End PBXFileSystemSynchronizedRootGroup section */

/* Begin PBXFrameworksBuildPhase section */
		4463AE4C2D606DF600C98F5E /* Frameworks */ = {
			isa = PBXFrameworksBuildPhase;
			buildActionMask = 2147483647;
			files = (
			);
			runOnlyForDeploymentPostprocessing = 0;
		};
		4463AE5C2D606DF600C98F5E /* Frameworks */ = {
			isa = PBXFrameworksBuildPhase;
			buildActionMask = 2147483647;
			files = (
			);
			runOnlyForDeploymentPostprocessing = 0;
		};
		4463AE662D606DF600C98F5E /* Frameworks */ = {
			isa = PBXFrameworksBuildPhase;
			buildActionMask = 2147483647;
			files = (
			);
			runOnlyForDeploymentPostprocessing = 0;
		};
/* End PBXFrameworksBuildPhase section */

/* Begin PBXGroup section */
		4463AE462D606DF600C98F5E = {
			isa = PBXGroup;
			children = (
				4463AE512D606DF600C98F5E /* SwiftUI_Toggle */,
				4463AE622D606DF600C98F5E /* SwiftUI_ToggleTests */,
				4463AE6C2D606DF600C98F5E /* SwiftUI_ToggleUITests */,
				4463AE502D606DF600C98F5E /* Products */,
			);
			sourceTree = "<group>";
		};
		4463AE502D606DF600C98F5E /* Products */ = {
			isa = PBXGroup;
			children = (
				4463AE4F2D606DF600C98F5E /* SwiftUI_Toggle.app */,
				4463AE5F2D606DF600C98F5E /* SwiftUI_ToggleTests.xctest */,
				4463AE692D606DF600C98F5E /* SwiftUI_ToggleUITests.xctest */,
			);
			name = Products;
			sourceTree = "<group>";
		};
/* End PBXGroup section */

/* Begin PBXNativeTarget section */
		4463AE4E2D606DF600C98F5E /* SwiftUI_Toggle */ = {
			isa = PBXNativeTarget;
			buildConfigurationList = 4463AE732D606DF600C98F5E /* Build configuration list for PBXNativeTarget "SwiftUI_Toggle" */;
			buildPhases = (
				4463AE4B2D606DF600C98F5E /* Sources */,
				4463AE4C2D606DF600C98F5E /* Frameworks */,
				4463AE4D2D606DF600C98F5E /* Resources */,
			);
			buildRules = (
			);
			dependencies = (
			);
			fileSystemSynchronizedGroups = (
				4463AE512D606DF600C98F5E /* SwiftUI_Toggle */,
			);
			name = SwiftUI_Toggle;
			packageProductDependencies = (
			);
			productName = SwiftUI_Toggle;
			productReference = 4463AE4F2D606DF600C98F5E /* SwiftUI_Toggle.app */;
			productType = "com.apple.product-type.application";
		};
		4463AE5E2D606DF600C98F5E /* SwiftUI_ToggleTests */ = {
			isa = PBXNativeTarget;
			buildConfigurationList = 4463AE762D606DF600C98F5E /* Build configuration list for PBXNativeTarget "SwiftUI_ToggleTests" */;
			buildPhases = (
				4463AE5B2D606DF600C98F5E /* Sources */,
				4463AE5C2D606DF600C98F5E /* Frameworks */,
				4463AE5D2D606DF600C98F5E /* Resources */,
			);
			buildRules = (
			);
			dependencies = (
				4463AE612D606DF600C98F5E /* PBXTargetDependency */,
			);
			fileSystemSynchronizedGroups = (
				4463AE622D606DF600C98F5E /* SwiftUI_ToggleTests */,
			);
			name = SwiftUI_ToggleTests;
			packageProductDependencies = (
			);
			productName = SwiftUI_ToggleTests;
			productReference = 4463AE5F2D606DF600C98F5E /* SwiftUI_ToggleTests.xctest */;
			productType = "com.apple.product-type.bundle.unit-test";
		};
		4463AE682D606DF600C98F5E /* SwiftUI_ToggleUITests */ = {
			isa = PBXNativeTarget;
			buildConfigurationList = 4463AE792D606DF600C98F5E /* Build configuration list for PBXNativeTarget "SwiftUI_ToggleUITests" */;
			buildPhases = (
				4463AE652D606DF600C98F5E /* Sources */,
				4463AE662D606DF600C98F5E /* Frameworks */,
				4463AE672D606DF600C98F5E /* Resources */,
			);
			buildRules = (
			);
			dependencies = (
				4463AE6B2D606DF600C98F5E /* PBXTargetDependency */,
			);
			fileSystemSynchronizedGroups = (
				4463AE6C2D606DF600C98F5E /* SwiftUI_ToggleUITests */,
			);
			name = SwiftUI_ToggleUITests;
			packageProductDependencies = (
			);
			productName = SwiftUI_ToggleUITests;
			productReference = 4463AE692D606DF600C98F5E /* SwiftUI_ToggleUITests.xctest */;
			productType = "com.apple.product-type.bundle.ui-testing";
		};
/* End PBXNativeTarget section */

/* Begin PBXProject section */
		4463AE472D606DF600C98F5E /* Project object */ = {
			isa = PBXProject;
			attributes = {
				BuildIndependentTargetsInParallel = 1;
				LastSwiftUpdateCheck = 1620;
				LastUpgradeCheck = 1620;
				TargetAttributes = {
					4463AE4E2D606DF600C98F5E = {
						CreatedOnToolsVersion = 16.2;
					};
					4463AE5E2D606DF600C98F5E = {
						CreatedOnToolsVersion = 16.2;
						TestTargetID = 4463AE4E2D606DF600C98F5E;
					};
					4463AE682D606DF600C98F5E = {
						CreatedOnToolsVersion = 16.2;
						TestTargetID = 4463AE4E2D606DF600C98F5E;
					};
				};
			};
			buildConfigurationList = 4463AE4A2D606DF600C98F5E /* Build configuration list for PBXProject "SwiftUI_Toggle" */;
			developmentRegion = en;
			hasScannedForEncodings = 0;
			knownRegions = (
				en,
				Base,
			);
			mainGroup = 4463AE462D606DF600C98F5E;
			minimizedProjectReferenceProxies = 1;
			preferredProjectObjectVersion = 77;
			productRefGroup = 4463AE502D606DF600C98F5E /* Products */;
			projectDirPath = "";
			projectRoot = "";
			targets = (
				4463AE4E2D606DF600C98F5E /* SwiftUI_Toggle */,
				4463AE5E2D606DF600C98F5E /* SwiftUI_ToggleTests */,
				4463AE682D606DF600C98F5E /* SwiftUI_ToggleUITests */,
			);
		};
/* End PBXProject section */

/* Begin PBXResourcesBuildPhase section */
		4463AE4D2D606DF600C98F5E /* Resources */ = {
			isa = PBXResourcesBuildPhase;
			buildActionMask = 2147483647;
			files = (
			);
			runOnlyForDeploymentPostprocessing = 0;
		};
		4463AE5D2D606DF600C98F5E /* Resources */ = {
			isa = PBXResourcesBuildPhase;
			buildActionMask = 2147483647;
			files = (
			);
			runOnlyForDeploymentPostprocessing = 0;
		};
		4463AE672D606DF600C98F5E /* Resources */ = {
			isa = PBXResourcesBuildPhase;
			buildActionMask = 2147483647;
			files = (
			);
			runOnlyForDeploymentPostprocessing = 0;
		};
/* End PBXResourcesBuildPhase section */

/* Begin PBXSourcesBuildPhase section */
		4463AE4B2D606DF600C98F5E /* Sources */ = {
			isa = PBXSourcesBuildPhase;
			buildActionMask = 2147483647;
			files = (
			);
			runOnlyForDeploymentPostprocessing = 0;
		};
		4463AE5B2D606DF600C98F5E /* Sources */ = {
			isa = PBXSourcesBuildPhase;
			buildActionMask = 2147483647;
			files = (
			);
			runOnlyForDeploymentPostprocessing = 0;
		};
		4463AE652D606DF600C98F5E /* Sources */ = {
			isa = PBXSourcesBuildPhase;
			buildActionMask = 2147483647;
			files = (
			);
			runOnlyForDeploymentPostprocessing = 0;
		};
/* End PBXSourcesBuildPhase section */

/* Begin PBXTargetDependency section */
		4463AE612D606DF600C98F5E /* PBXTargetDependency */ = {
			isa = PBXTargetDependency;
			target = 4463AE4E2D606DF600C98F5E /* SwiftUI_Toggle */;
			targetProxy = 4463AE602D606DF600C98F5E /* PBXContainerItemProxy */;
		};
		4463AE6B2D606DF600C98F5E /* PBXTargetDependency */ = {
			isa = PBXTargetDependency;
			target = 4463AE4E2D606DF600C98F5E /* SwiftUI_Toggle */;
			targetProxy = 4463AE6A2D606DF600C98F5E /* PBXContainerItemProxy */;
		};
/* End PBXTargetDependency section */

/* Begin XCBuildConfiguration section */
		4463AE712D606DF600C98F5E /* Debug */ = {
			isa = XCBuildConfiguration;
			buildSettings = {
				ALWAYS_SEARCH_USER_PATHS = NO;
				ASSETCATALOG_COMPILER_GENERATE_SWIFT_ASSET_SYMBOL_EXTENSIONS = YES;
				CLANG_ANALYZER_NONNULL = YES;
				CLANG_ANALYZER_NUMBER_OBJECT_CONVERSION = YES_AGGRESSIVE;
				CLANG_CXX_LANGUAGE_STANDARD = "gnu++20";
				CLANG_ENABLE_MODULES = YES;
				CLANG_ENABLE_OBJC_ARC = YES;
				CLANG_ENABLE_OBJC_WEAK = YES;
				CLANG_WARN_BLOCK_CAPTURE_AUTORELEASING = YES;
				CLANG_WARN_BOOL_CONVERSION = YES;
				CLANG_WARN_COMMA = YES;
				CLANG_WARN_CONSTANT_CONVERSION = YES;
				CLANG_WARN_DEPRECATED_OBJC_IMPLEMENTATIONS = YES;
				CLANG_WARN_DIRECT_OBJC_ISA_USAGE = YES_ERROR;
				CLANG_WARN_DOCUMENTATION_COMMENTS = YES;
				CLANG_WARN_EMPTY_BODY = YES;
				CLANG_WARN_ENUM_CONVERSION = YES;
				CLANG_WARN_INFINITE_RECURSION = YES;
				CLANG_WARN_INT_CONVERSION = YES;
				CLANG_WARN_NON_LITERAL_NULL_CONVERSION = YES;
				CLANG_WARN_OBJC_IMPLICIT_RETAIN_SELF = YES;
				CLANG_WARN_OBJC_LITERAL_CONVERSION = YES;
				CLANG_WARN_OBJC_ROOT_CLASS = YES_ERROR;
				CLANG_WARN_QUOTED_INCLUDE_IN_FRAMEWORK_HEADER = YES;
				CLANG_WARN_RANGE_LOOP_ANALYSIS = YES;
				CLANG_WARN_STRICT_PROTOTYPES = YES;
				CLANG_WARN_SUSPICIOUS_MOVE = YES;
				CLANG_WARN_UNGUARDED_AVAILABILITY = YES_AGGRESSIVE;
				CLANG_WARN_UNREACHABLE_CODE = YES;
				CLANG_WARN__DUPLICATE_METHOD_MATCH = YES;
				COPY_PHASE_STRIP = NO;
				DEBUG_INFORMATION_FORMAT = dwarf;
				ENABLE_STRICT_OBJC_MSGSEND = YES;
				ENABLE_TESTABILITY = YES;
				ENABLE_USER_SCRIPT_SANDBOXING = YES;
				GCC_C_LANGUAGE_STANDARD = gnu17;
				GCC_DYNAMIC_NO_PIC = NO;
				GCC_NO_COMMON_BLOCKS = YES;
				GCC_OPTIMIZATION_LEVEL = 0;
				GCC_PREPROCESSOR_DEFINITIONS = (
					"DEBUG=1",
					"$(inherited)",
				);
				GCC_WARN_64_TO_32_BIT_CONVERSION = YES;
				GCC_WARN_ABOUT_RETURN_TYPE = YES_ERROR;
				GCC_WARN_UNDECLARED_SELECTOR = YES;
				GCC_WARN_UNINITIALIZED_AUTOS = YES_AGGRESSIVE;
				GCC_WARN_UNUSED_FUNCTION = YES;
				GCC_WARN_UNUSED_VARIABLE = YES;
				IPHONEOS_DEPLOYMENT_TARGET = 18.2;
				LOCALIZATION_PREFERS_STRING_CATALOGS = YES;
				MTL_ENABLE_DEBUG_INFO = INCLUDE_SOURCE;
				MTL_FAST_MATH = YES;
				ONLY_ACTIVE_ARCH = YES;
				SDKROOT = iphoneos;
				SWIFT_ACTIVE_COMPILATION_CONDITIONS = "DEBUG $(inherited)";
				SWIFT_OPTIMIZATION_LEVEL = "-Onone";
			};
			name = Debug;
		};
		4463AE722D606DF600C98F5E /* Release */ = {
			isa = XCBuildConfiguration;
			buildSettings = {
				ALWAYS_SEARCH_USER_PATHS = NO;
				ASSETCATALOG_COMPILER_GENERATE_SWIFT_ASSET_SYMBOL_EXTENSIONS = YES;
				CLANG_ANALYZER_NONNULL = YES;
				CLANG_ANALYZER_NUMBER_OBJECT_CONVERSION = YES_AGGRESSIVE;
				CLANG_CXX_LANGUAGE_STANDARD = "gnu++20";
				CLANG_ENABLE_MODULES = YES;
				CLANG_ENABLE_OBJC_ARC = YES;
				CLANG_ENABLE_OBJC_WEAK = YES;
				CLANG_WARN_BLOCK_CAPTURE_AUTORELEASING = YES;
				CLANG_WARN_BOOL_CONVERSION = YES;
				CLANG_WARN_COMMA = YES;
				CLANG_WARN_CONSTANT_CONVERSION = YES;
				CLANG_WARN_DEPRECATED_OBJC_IMPLEMENTATIONS = YES;
				CLANG_WARN_DIRECT_OBJC_ISA_USAGE = YES_ERROR;
				CLANG_WARN_DOCUMENTATION_COMMENTS = YES;
				CLANG_WARN_EMPTY_BODY = YES;
				CLANG_WARN_ENUM_CONVERSION = YES;
				CLANG_WARN_INFINITE_RECURSION = YES;
				CLANG_WARN_INT_CONVERSION = YES;
				CLANG_WARN_NON_LITERAL_NULL_CONVERSION = YES;
				CLANG_WARN_OBJC_IMPLICIT_RETAIN_SELF = YES;
				CLANG_WARN_OBJC_LITERAL_CONVERSION = YES;
				CLANG_WARN_OBJC_ROOT_CLASS = YES_ERROR;
				CLANG_WARN_QUOTED_INCLUDE_IN_FRAMEWORK_HEADER = YES;
				CLANG_WARN_RANGE_LOOP_ANALYSIS = YES;
				CLANG_WARN_STRICT_PROTOTYPES = YES;
				CLANG_WARN_SUSPICIOUS_MOVE = YES;
				CLANG_WARN_UNGUARDED_AVAILABILITY = YES_AGGRESSIVE;
				CLANG_WARN_UNREACHABLE_CODE = YES;
				CLANG_WARN__DUPLICATE_METHOD_MATCH = YES;
				COPY_PHASE_STRIP = NO;
				DEBUG_INFORMATION_FORMAT = "dwarf-with-dsym";
				ENABLE_NS_ASSERTIONS = NO;
				ENABLE_STRICT_OBJC_MSGSEND = YES;
				ENABLE_USER_SCRIPT_SANDBOXING = YES;
				GCC_C_LANGUAGE_STANDARD = gnu17;
				GCC_NO_COMMON_BLOCKS = YES;
				GCC_WARN_64_TO_32_BIT_CONVERSION = YES;
				GCC_WARN_ABOUT_RETURN_TYPE = YES_ERROR;
				GCC_WARN_UNDECLARED_SELECTOR = YES;
				GCC_WARN_UNINITIALIZED_AUTOS = YES_AGGRESSIVE;
				GCC_WARN_UNUSED_FUNCTION = YES;
				GCC_WARN_UNUSED_VARIABLE = YES;
				IPHONEOS_DEPLOYMENT_TARGET = 18.2;
				LOCALIZATION_PREFERS_STRING_CATALOGS = YES;
				MTL_ENABLE_DEBUG_INFO = NO;
				MTL_FAST_MATH = YES;
				SDKROOT = iphoneos;
				SWIFT_COMPILATION_MODE = wholemodule;
				VALIDATE_PRODUCT = YES;
			};
			name = Release;
		};
		4463AE742D606DF600C98F5E /* Debug */ = {
			isa = XCBuildConfiguration;
			buildSettings = {
				ASSETCATALOG_COMPILER_APPICON_NAME = AppIcon;
				ASSETCATALOG_COMPILER_GLOBAL_ACCENT_COLOR_NAME = AccentColor;
				CODE_SIGN_STYLE = Automatic;
				CURRENT_PROJECT_VERSION = 1;
				DEVELOPMENT_ASSET_PATHS = "\"SwiftUI_Toggle/Preview Content\"";
				DEVELOPMENT_TEAM = H59XY639YM;
				ENABLE_PREVIEWS = YES;
				GENERATE_INFOPLIST_FILE = YES;
				INFOPLIST_KEY_UIApplicationSceneManifest_Generation = YES;
				INFOPLIST_KEY_UIApplicationSupportsIndirectInputEvents = YES;
				INFOPLIST_KEY_UILaunchScreen_Generation = YES;
				INFOPLIST_KEY_UISupportedInterfaceOrientations_iPad = "UIInterfaceOrientationPortrait UIInterfaceOrientationPortraitUpsideDown UIInterfaceOrientationLandscapeLeft UIInterfaceOrientationLandscapeRight";
				INFOPLIST_KEY_UISupportedInterfaceOrientations_iPhone = "UIInterfaceOrientationPortrait UIInterfaceOrientationLandscapeLeft UIInterfaceOrientationLandscapeRight";
				LD_RUNPATH_SEARCH_PATHS = (
					"$(inherited)",
					"@executable_path/Frameworks",
				);
				MARKETING_VERSION = 1.0;
				PRODUCT_BUNDLE_IDENTIFIER = "vn.upinmcSE.SwiftUI-Toggle";
				PRODUCT_NAME = "$(TARGET_NAME)";
				SWIFT_EMIT_LOC_STRINGS = YES;
				SWIFT_VERSION = 5.0;
				TARGETED_DEVICE_FAMILY = "1,2";
			};
			name = Debug;
		};
		4463AE752D606DF600C98F5E /* Release */ = {
			isa = XCBuildConfiguration;
			buildSettings = {
				ASSETCATALOG_COMPILER_APPICON_NAME = AppIcon;
				ASSETCATALOG_COMPILER_GLOBAL_ACCENT_COLOR_NAME = AccentColor;
				CODE_SIGN_STYLE = Automatic;
				CURRENT_PROJECT_VERSION = 1;
				DEVELOPMENT_ASSET_PATHS = "\"SwiftUI_Toggle/Preview Content\"";
				DEVELOPMENT_TEAM = H59XY639YM;
				ENABLE_PREVIEWS = YES;
				GENERATE_INFOPLIST_FILE = YES;
				INFOPLIST_KEY_UIApplicationSceneManifest_Generation = YES;
				INFOPLIST_KEY_UIApplicationSupportsIndirectInputEvents = YES;
				INFOPLIST_KEY_UILaunchScreen_Generation = YES;
				INFOPLIST_KEY_UISupportedInterfaceOrientations_iPad = "UIInterfaceOrientationPortrait UIInterfaceOrientationPortraitUpsideDown UIInterfaceOrientationLandscapeLeft UIInterfaceOrientationLandscapeRight";
				INFOPLIST_KEY_UISupportedInterfaceOrientations_iPhone = "UIInterfaceOrientationPortrait UIInterfaceOrientationLandscapeLeft UIInterfaceOrientationLandscapeRight";
				LD_RUNPATH_SEARCH_PATHS = (
					"$(inherited)",
					"@executable_path/Frameworks",
				);
				MARKETING_VERSION = 1.0;
				PRODUCT_BUNDLE_IDENTIFIER = "vn.upinmcSE.SwiftUI-Toggle";
				PRODUCT_NAME = "$(TARGET_NAME)";
				SWIFT_EMIT_LOC_STRINGS = YES;
				SWIFT_VERSION = 5.0;
				TARGETED_DEVICE_FAMILY = "1,2";
			};
			name = Release;
		};
		4463AE772D606DF600C98F5E /* Debug */ = {
			isa = XCBuildConfiguration;
			buildSettings = {
				BUNDLE_LOADER = "$(TEST_HOST)";
				CODE_SIGN_STYLE = Automatic;
				CURRENT_PROJECT_VERSION = 1;
				DEVELOPMENT_TEAM = H59XY639YM;
				GENERATE_INFOPLIST_FILE = YES;
				IPHONEOS_DEPLOYMENT_TARGET = 18.2;
				MARKETING_VERSION = 1.0;
				PRODUCT_BUNDLE_IDENTIFIER = "vn.upinmcSE.SwiftUI-ToggleTests";
				PRODUCT_NAME = "$(TARGET_NAME)";
				SWIFT_EMIT_LOC_STRINGS = NO;
				SWIFT_VERSION = 5.0;
				TARGETED_DEVICE_FAMILY = "1,2";
				TEST_HOST = "$(BUILT_PRODUCTS_DIR)/SwiftUI_Toggle.app/$(BUNDLE_EXECUTABLE_FOLDER_PATH)/SwiftUI_Toggle";
			};
			name = Debug;
		};
		4463AE782D606DF600C98F5E /* Release */ = {
			isa = XCBuildConfiguration;
			buildSettings = {
				BUNDLE_LOADER = "$(TEST_HOST)";
				CODE_SIGN_STYLE = Automatic;
				CURRENT_PROJECT_VERSION = 1;
				DEVELOPMENT_TEAM = H59XY639YM;
				GENERATE_INFOPLIST_FILE = YES;
				IPHONEOS_DEPLOYMENT_TARGET = 18.2;
				MARKETING_VERSION = 1.0;
				PRODUCT_BUNDLE_IDENTIFIER = "vn.upinmcSE.SwiftUI-ToggleTests";
				PRODUCT_NAME = "$(TARGET_NAME)";
				SWIFT_EMIT_LOC_STRINGS = NO;
				SWIFT_VERSION = 5.0;
				TARGETED_DEVICE_FAMILY = "1,2";
				TEST_HOST = "$(BUILT_PRODUCTS_DIR)/SwiftUI_Toggle.app/$(BUNDLE_EXECUTABLE_FOLDER_PATH)/SwiftUI_Toggle";
			};
			name = Release;
		};
		4463AE7A2D606DF600C98F5E /* Debug */ = {
			isa = XCBuildConfiguration;
			buildSettings = {
				CODE_SIGN_STYLE = Automatic;
				CURRENT_PROJECT_VERSION = 1;
				DEVELOPMENT_TEAM = H59XY639YM;
				GENERATE_INFOPLIST_FILE = YES;
				MARKETING_VERSION = 1.0;
				PRODUCT_BUNDLE_IDENTIFIER = "vn.upinmcSE.SwiftUI-ToggleUITests";
				PRODUCT_NAME = "$(TARGET_NAME)";
				SWIFT_EMIT_LOC_STRINGS = NO;
				SWIFT_VERSION = 5.0;
				TARGETED_DEVICE_FAMILY = "1,2";
				TEST_TARGET_NAME = SwiftUI_Toggle;
			};
			name = Debug;
		};
		4463AE7B2D606DF600C98F5E /* Release */ = {
			isa = XCBuildConfiguration;
			buildSettings = {
				CODE_SIGN_STYLE = Automatic;
				CURRENT_PROJECT_VERSION = 1;
				DEVELOPMENT_TEAM = H59XY639YM;
				GENERATE_INFOPLIST_FILE = YES;
				MARKETING_VERSION = 1.0;
				PRODUCT_BUNDLE_IDENTIFIER = "vn.upinmcSE.SwiftUI-ToggleUITests";
				PRODUCT_NAME = "$(TARGET_NAME)";
				SWIFT_EMIT_LOC_STRINGS = NO;
				SWIFT_VERSION = 5.0;
				TARGETED_DEVICE_FAMILY = "1,2";
				TEST_TARGET_NAME = SwiftUI_Toggle;
			};
			name = Release;
		};
/* End XCBuildConfiguration section */

/* Begin XCConfigurationList section */
		4463AE4A2D606DF600C98F5E /* Build configuration list for PBXProject "SwiftUI_Toggle" */ = {
			isa = XCConfigurationList;
			buildConfigurations = (
				4463AE712D606DF600C98F5E /* Debug */,
				4463AE722D606DF600C98F5E /* Release */,
			);
			defaultConfigurationIsVisible = 0;
			defaultConfigurationName = Release;
		};
		4463AE732D606DF600C98F5E /* Build configuration list for PBXNativeTarget "SwiftUI_Toggle" */ = {
			isa = XCConfigurationList;
			buildConfigurations = (
				4463AE742D606DF600C98F5E /* Debug */,
				4463AE752D606DF600C98F5E /* Release */,
			);
			defaultConfigurationIsVisible = 0;
			defaultConfigurationName = Release;
		};
		4463AE762D606DF600C98F5E /* Build configuration list for PBXNativeTarget "SwiftUI_ToggleTests" */ = {
			isa = XCConfigurationList;
			buildConfigurations = (
				4463AE772D606DF600C98F5E /* Debug */,
				4463AE782D606DF600C98F5E /* Release */,
			);
			defaultConfigurationIsVisible = 0;
			defaultConfigurationName = Release;
		};
		4463AE792D606DF600C98F5E /* Build configuration list for PBXNativeTarget "SwiftUI_ToggleUITests" */ = {
			isa = XCConfigurationList;
			buildConfigurations = (
				4463AE7A2D606DF600C98F5E /* Debug */,
				4463AE7B2D606DF600C98F5E /* Release */,
			);
			defaultConfigurationIsVisible = 0;
			defaultConfigurationName = Release;
		};
/* End XCConfigurationList section */
	};
	rootObject = 4463AE472D606DF600C98F5E /* Project object */;
}
