// !$*UTF8*$!
{
	archiveVersion = 1;
	classes = {
	};
	objectVersion = 77;
	objects = {

/* Begin PBXContainerItemProxy section */
		442E821E2D5F511D00F9C33C /* PBXContainerItemProxy */ = {
			isa = PBXContainerItemProxy;
			containerPortal = 442E82052D5F511B00F9C33C /* Project object */;
			proxyType = 1;
			remoteGlobalIDString = 442E820C2D5F511B00F9C33C;
			remoteInfo = SwiftUI_101;
		};
		442E82282D5F511D00F9C33C /* PBXContainerItemProxy */ = {
			isa = PBXContainerItemProxy;
			containerPortal = 442E82052D5F511B00F9C33C /* Project object */;
			proxyType = 1;
			remoteGlobalIDString = 442E820C2D5F511B00F9C33C;
			remoteInfo = SwiftUI_101;
		};
/* End PBXContainerItemProxy section */

/* Begin PBXFileReference section */
		442E820D2D5F511B00F9C33C /* SwiftUI_101.app */ = {isa = PBXFileReference; explicitFileType = wrapper.application; includeInIndex = 0; path = SwiftUI_101.app; sourceTree = BUILT_PRODUCTS_DIR; };
		442E821D2D5F511D00F9C33C /* SwiftUI_101Tests.xctest */ = {isa = PBXFileReference; explicitFileType = wrapper.cfbundle; includeInIndex = 0; path = SwiftUI_101Tests.xctest; sourceTree = BUILT_PRODUCTS_DIR; };
		442E82272D5F511D00F9C33C /* SwiftUI_101UITests.xctest */ = {isa = PBXFileReference; explicitFileType = wrapper.cfbundle; includeInIndex = 0; path = SwiftUI_101UITests.xctest; sourceTree = BUILT_PRODUCTS_DIR; };
/* End PBXFileReference section */

/* Begin PBXFileSystemSynchronizedRootGroup section */
		442E820F2D5F511B00F9C33C /* SwiftUI_101 */ = {
			isa = PBXFileSystemSynchronizedRootGroup;
			path = SwiftUI_101;
			sourceTree = "<group>";
		};
		442E82202D5F511D00F9C33C /* SwiftUI_101Tests */ = {
			isa = PBXFileSystemSynchronizedRootGroup;
			path = SwiftUI_101Tests;
			sourceTree = "<group>";
		};
		442E822A2D5F511D00F9C33C /* SwiftUI_101UITests */ = {
			isa = PBXFileSystemSynchronizedRootGroup;
			path = SwiftUI_101UITests;
			sourceTree = "<group>";
		};
/* End PBXFileSystemSynchronizedRootGroup section */

/* Begin PBXFrameworksBuildPhase section */
		442E820A2D5F511B00F9C33C /* Frameworks */ = {
			isa = PBXFrameworksBuildPhase;
			buildActionMask = 2147483647;
			files = (
			);
			runOnlyForDeploymentPostprocessing = 0;
		};
		442E821A2D5F511D00F9C33C /* Frameworks */ = {
			isa = PBXFrameworksBuildPhase;
			buildActionMask = 2147483647;
			files = (
			);
			runOnlyForDeploymentPostprocessing = 0;
		};
		442E82242D5F511D00F9C33C /* Frameworks */ = {
			isa = PBXFrameworksBuildPhase;
			buildActionMask = 2147483647;
			files = (
			);
			runOnlyForDeploymentPostprocessing = 0;
		};
/* End PBXFrameworksBuildPhase section */

/* Begin PBXGroup section */
		442E82042D5F511B00F9C33C = {
			isa = PBXGroup;
			children = (
				442E820F2D5F511B00F9C33C /* SwiftUI_101 */,
				442E82202D5F511D00F9C33C /* SwiftUI_101Tests */,
				442E822A2D5F511D00F9C33C /* SwiftUI_101UITests */,
				442E820E2D5F511B00F9C33C /* Products */,
			);
			sourceTree = "<group>";
		};
		442E820E2D5F511B00F9C33C /* Products */ = {
			isa = PBXGroup;
			children = (
				442E820D2D5F511B00F9C33C /* SwiftUI_101.app */,
				442E821D2D5F511D00F9C33C /* SwiftUI_101Tests.xctest */,
				442E82272D5F511D00F9C33C /* SwiftUI_101UITests.xctest */,
			);
			name = Products;
			sourceTree = "<group>";
		};
/* End PBXGroup section */

/* Begin PBXNativeTarget section */
		442E820C2D5F511B00F9C33C /* SwiftUI_101 */ = {
			isa = PBXNativeTarget;
			buildConfigurationList = 442E82312D5F511D00F9C33C /* Build configuration list for PBXNativeTarget "SwiftUI_101" */;
			buildPhases = (
				442E82092D5F511B00F9C33C /* Sources */,
				442E820A2D5F511B00F9C33C /* Frameworks */,
				442E820B2D5F511B00F9C33C /* Resources */,
			);
			buildRules = (
			);
			dependencies = (
			);
			fileSystemSynchronizedGroups = (
				442E820F2D5F511B00F9C33C /* SwiftUI_101 */,
			);
			name = SwiftUI_101;
			packageProductDependencies = (
			);
			productName = SwiftUI_101;
			productReference = 442E820D2D5F511B00F9C33C /* SwiftUI_101.app */;
			productType = "com.apple.product-type.application";
		};
		442E821C2D5F511D00F9C33C /* SwiftUI_101Tests */ = {
			isa = PBXNativeTarget;
			buildConfigurationList = 442E82342D5F511D00F9C33C /* Build configuration list for PBXNativeTarget "SwiftUI_101Tests" */;
			buildPhases = (
				442E82192D5F511D00F9C33C /* Sources */,
				442E821A2D5F511D00F9C33C /* Frameworks */,
				442E821B2D5F511D00F9C33C /* Resources */,
			);
			buildRules = (
			);
			dependencies = (
				442E821F2D5F511D00F9C33C /* PBXTargetDependency */,
			);
			fileSystemSynchronizedGroups = (
				442E82202D5F511D00F9C33C /* SwiftUI_101Tests */,
			);
			name = SwiftUI_101Tests;
			packageProductDependencies = (
			);
			productName = SwiftUI_101Tests;
			productReference = 442E821D2D5F511D00F9C33C /* SwiftUI_101Tests.xctest */;
			productType = "com.apple.product-type.bundle.unit-test";
		};
		442E82262D5F511D00F9C33C /* SwiftUI_101UITests */ = {
			isa = PBXNativeTarget;
			buildConfigurationList = 442E82372D5F511D00F9C33C /* Build configuration list for PBXNativeTarget "SwiftUI_101UITests" */;
			buildPhases = (
				442E82232D5F511D00F9C33C /* Sources */,
				442E82242D5F511D00F9C33C /* Frameworks */,
				442E82252D5F511D00F9C33C /* Resources */,
			);
			buildRules = (
			);
			dependencies = (
				442E82292D5F511D00F9C33C /* PBXTargetDependency */,
			);
			fileSystemSynchronizedGroups = (
				442E822A2D5F511D00F9C33C /* SwiftUI_101UITests */,
			);
			name = SwiftUI_101UITests;
			packageProductDependencies = (
			);
			productName = SwiftUI_101UITests;
			productReference = 442E82272D5F511D00F9C33C /* SwiftUI_101UITests.xctest */;
			productType = "com.apple.product-type.bundle.ui-testing";
		};
/* End PBXNativeTarget section */

/* Begin PBXProject section */
		442E82052D5F511B00F9C33C /* Project object */ = {
			isa = PBXProject;
			attributes = {
				BuildIndependentTargetsInParallel = 1;
				LastSwiftUpdateCheck = 1620;
				LastUpgradeCheck = 1620;
				TargetAttributes = {
					442E820C2D5F511B00F9C33C = {
						CreatedOnToolsVersion = 16.2;
					};
					442E821C2D5F511D00F9C33C = {
						CreatedOnToolsVersion = 16.2;
						TestTargetID = 442E820C2D5F511B00F9C33C;
					};
					442E82262D5F511D00F9C33C = {
						CreatedOnToolsVersion = 16.2;
						TestTargetID = 442E820C2D5F511B00F9C33C;
					};
				};
			};
			buildConfigurationList = 442E82082D5F511B00F9C33C /* Build configuration list for PBXProject "SwiftUI_101" */;
			developmentRegion = en;
			hasScannedForEncodings = 0;
			knownRegions = (
				en,
				Base,
			);
			mainGroup = 442E82042D5F511B00F9C33C;
			minimizedProjectReferenceProxies = 1;
			preferredProjectObjectVersion = 77;
			productRefGroup = 442E820E2D5F511B00F9C33C /* Products */;
			projectDirPath = "";
			projectRoot = "";
			targets = (
				442E820C2D5F511B00F9C33C /* SwiftUI_101 */,
				442E821C2D5F511D00F9C33C /* SwiftUI_101Tests */,
				442E82262D5F511D00F9C33C /* SwiftUI_101UITests */,
			);
		};
/* End PBXProject section */

/* Begin PBXResourcesBuildPhase section */
		442E820B2D5F511B00F9C33C /* Resources */ = {
			isa = PBXResourcesBuildPhase;
			buildActionMask = 2147483647;
			files = (
			);
			runOnlyForDeploymentPostprocessing = 0;
		};
		442E821B2D5F511D00F9C33C /* Resources */ = {
			isa = PBXResourcesBuildPhase;
			buildActionMask = 2147483647;
			files = (
			);
			runOnlyForDeploymentPostprocessing = 0;
		};
		442E82252D5F511D00F9C33C /* Resources */ = {
			isa = PBXResourcesBuildPhase;
			buildActionMask = 2147483647;
			files = (
			);
			runOnlyForDeploymentPostprocessing = 0;
		};
/* End PBXResourcesBuildPhase section */

/* Begin PBXSourcesBuildPhase section */
		442E82092D5F511B00F9C33C /* Sources */ = {
			isa = PBXSourcesBuildPhase;
			buildActionMask = 2147483647;
			files = (
			);
			runOnlyForDeploymentPostprocessing = 0;
		};
		442E82192D5F511D00F9C33C /* Sources */ = {
			isa = PBXSourcesBuildPhase;
			buildActionMask = 2147483647;
			files = (
			);
			runOnlyForDeploymentPostprocessing = 0;
		};
		442E82232D5F511D00F9C33C /* Sources */ = {
			isa = PBXSourcesBuildPhase;
			buildActionMask = 2147483647;
			files = (
			);
			runOnlyForDeploymentPostprocessing = 0;
		};
/* End PBXSourcesBuildPhase section */

/* Begin PBXTargetDependency section */
		442E821F2D5F511D00F9C33C /* PBXTargetDependency */ = {
			isa = PBXTargetDependency;
			target = 442E820C2D5F511B00F9C33C /* SwiftUI_101 */;
			targetProxy = 442E821E2D5F511D00F9C33C /* PBXContainerItemProxy */;
		};
		442E82292D5F511D00F9C33C /* PBXTargetDependency */ = {
			isa = PBXTargetDependency;
			target = 442E820C2D5F511B00F9C33C /* SwiftUI_101 */;
			targetProxy = 442E82282D5F511D00F9C33C /* PBXContainerItemProxy */;
		};
/* End PBXTargetDependency section */

/* Begin XCBuildConfiguration section */
		442E822F2D5F511D00F9C33C /* Debug */ = {
			isa = XCBuildConfiguration;
			buildSettings = {
				ALWAYS_SEARCH_USER_PATHS = NO;
				ASSETCATALOG_COMPILER_GENERATE_SWIFT_ASSET_SYMBOL_EXTENSIONS = YES;
				CLANG_ANALYZER_NONNULL = YES;
				CLANG_ANALYZER_NUMBER_OBJECT_CONVERSION = YES_AGGRESSIVE;
				CLANG_CXX_LANGUAGE_STANDARD = "gnu++20";
				CLANG_ENABLE_MODULES = YES;
				CLANG_ENABLE_OBJC_ARC = YES;
				CLANG_ENABLE_OBJC_WEAK = YES;
				CLANG_WARN_BLOCK_CAPTURE_AUTORELEASING = YES;
				CLANG_WARN_BOOL_CONVERSION = YES;
				CLANG_WARN_COMMA = YES;
				CLANG_WARN_CONSTANT_CONVERSION = YES;
				CLANG_WARN_DEPRECATED_OBJC_IMPLEMENTATIONS = YES;
				CLANG_WARN_DIRECT_OBJC_ISA_USAGE = YES_ERROR;
				CLANG_WARN_DOCUMENTATION_COMMENTS = YES;
				CLANG_WARN_EMPTY_BODY = YES;
				CLANG_WARN_ENUM_CONVERSION = YES;
				CLANG_WARN_INFINITE_RECURSION = YES;
				CLANG_WARN_INT_CONVERSION = YES;
				CLANG_WARN_NON_LITERAL_NULL_CONVERSION = YES;
				CLANG_WARN_OBJC_IMPLICIT_RETAIN_SELF = YES;
				CLANG_WARN_OBJC_LITERAL_CONVERSION = YES;
				CLANG_WARN_OBJC_ROOT_CLASS = YES_ERROR;
				CLANG_WARN_QUOTED_INCLUDE_IN_FRAMEWORK_HEADER = YES;
				CLANG_WARN_RANGE_LOOP_ANALYSIS = YES;
				CLANG_WARN_STRICT_PROTOTYPES = YES;
				CLANG_WARN_SUSPICIOUS_MOVE = YES;
				CLANG_WARN_UNGUARDED_AVAILABILITY = YES_AGGRESSIVE;
				CLANG_WARN_UNREACHABLE_CODE = YES;
				CLANG_WARN__DUPLICATE_METHOD_MATCH = YES;
				COPY_PHASE_STRIP = NO;
				DEBUG_INFORMATION_FORMAT = dwarf;
				ENABLE_STRICT_OBJC_MSGSEND = YES;
				ENABLE_TESTABILITY = YES;
				ENABLE_USER_SCRIPT_SANDBOXING = YES;
				GCC_C_LANGUAGE_STANDARD = gnu17;
				GCC_DYNAMIC_NO_PIC = NO;
				GCC_NO_COMMON_BLOCKS = YES;
				GCC_OPTIMIZATION_LEVEL = 0;
				GCC_PREPROCESSOR_DEFINITIONS = (
					"DEBUG=1",
					"$(inherited)",
				);
				GCC_WARN_64_TO_32_BIT_CONVERSION = YES;
				GCC_WARN_ABOUT_RETURN_TYPE = YES_ERROR;
				GCC_WARN_UNDECLARED_SELECTOR = YES;
				GCC_WARN_UNINITIALIZED_AUTOS = YES_AGGRESSIVE;
				GCC_WARN_UNUSED_FUNCTION = YES;
				GCC_WARN_UNUSED_VARIABLE = YES;
				IPHONEOS_DEPLOYMENT_TARGET = 18.2;
				LOCALIZATION_PREFERS_STRING_CATALOGS = YES;
				MTL_ENABLE_DEBUG_INFO = INCLUDE_SOURCE;
				MTL_FAST_MATH = YES;
				ONLY_ACTIVE_ARCH = YES;
				SDKROOT = iphoneos;
				SWIFT_ACTIVE_COMPILATION_CONDITIONS = "DEBUG $(inherited)";
				SWIFT_OPTIMIZATION_LEVEL = "-Onone";
			};
			name = Debug;
		};
		442E82302D5F511D00F9C33C /* Release */ = {
			isa = XCBuildConfiguration;
			buildSettings = {
				ALWAYS_SEARCH_USER_PATHS = NO;
				ASSETCATALOG_COMPILER_GENERATE_SWIFT_ASSET_SYMBOL_EXTENSIONS = YES;
				CLANG_ANALYZER_NONNULL = YES;
				CLANG_ANALYZER_NUMBER_OBJECT_CONVERSION = YES_AGGRESSIVE;
				CLANG_CXX_LANGUAGE_STANDARD = "gnu++20";
				CLANG_ENABLE_MODULES = YES;
				CLANG_ENABLE_OBJC_ARC = YES;
				CLANG_ENABLE_OBJC_WEAK = YES;
				CLANG_WARN_BLOCK_CAPTURE_AUTORELEASING = YES;
				CLANG_WARN_BOOL_CONVERSION = YES;
				CLANG_WARN_COMMA = YES;
				CLANG_WARN_CONSTANT_CONVERSION = YES;
				CLANG_WARN_DEPRECATED_OBJC_IMPLEMENTATIONS = YES;
				CLANG_WARN_DIRECT_OBJC_ISA_USAGE = YES_ERROR;
				CLANG_WARN_DOCUMENTATION_COMMENTS = YES;
				CLANG_WARN_EMPTY_BODY = YES;
				CLANG_WARN_ENUM_CONVERSION = YES;
				CLANG_WARN_INFINITE_RECURSION = YES;
				CLANG_WARN_INT_CONVERSION = YES;
				CLANG_WARN_NON_LITERAL_NULL_CONVERSION = YES;
				CLANG_WARN_OBJC_IMPLICIT_RETAIN_SELF = YES;
				CLANG_WARN_OBJC_LITERAL_CONVERSION = YES;
				CLANG_WARN_OBJC_ROOT_CLASS = YES_ERROR;
				CLANG_WARN_QUOTED_INCLUDE_IN_FRAMEWORK_HEADER = YES;
				CLANG_WARN_RANGE_LOOP_ANALYSIS = YES;
				CLANG_WARN_STRICT_PROTOTYPES = YES;
				CLANG_WARN_SUSPICIOUS_MOVE = YES;
				CLANG_WARN_UNGUARDED_AVAILABILITY = YES_AGGRESSIVE;
				CLANG_WARN_UNREACHABLE_CODE = YES;
				CLANG_WARN__DUPLICATE_METHOD_MATCH = YES;
				COPY_PHASE_STRIP = NO;
				DEBUG_INFORMATION_FORMAT = "dwarf-with-dsym";
				ENABLE_NS_ASSERTIONS = NO;
				ENABLE_STRICT_OBJC_MSGSEND = YES;
				ENABLE_USER_SCRIPT_SANDBOXING = YES;
				GCC_C_LANGUAGE_STANDARD = gnu17;
				GCC_NO_COMMON_BLOCKS = YES;
				GCC_WARN_64_TO_32_BIT_CONVERSION = YES;
				GCC_WARN_ABOUT_RETURN_TYPE = YES_ERROR;
				GCC_WARN_UNDECLARED_SELECTOR = YES;
				GCC_WARN_UNINITIALIZED_AUTOS = YES_AGGRESSIVE;
				GCC_WARN_UNUSED_FUNCTION = YES;
				GCC_WARN_UNUSED_VARIABLE = YES;
				IPHONEOS_DEPLOYMENT_TARGET = 18.2;
				LOCALIZATION_PREFERS_STRING_CATALOGS = YES;
				MTL_ENABLE_DEBUG_INFO = NO;
				MTL_FAST_MATH = YES;
				SDKROOT = iphoneos;
				SWIFT_COMPILATION_MODE = wholemodule;
				VALIDATE_PRODUCT = YES;
			};
			name = Release;
		};
		442E82322D5F511D00F9C33C /* Debug */ = {
			isa = XCBuildConfiguration;
			buildSettings = {
				ASSETCATALOG_COMPILER_APPICON_NAME = AppIcon;
				ASSETCATALOG_COMPILER_GLOBAL_ACCENT_COLOR_NAME = AccentColor;
				CODE_SIGN_STYLE = Automatic;
				CURRENT_PROJECT_VERSION = 1;
				DEVELOPMENT_ASSET_PATHS = "\"SwiftUI_101/Preview Content\"";
				ENABLE_PREVIEWS = YES;
				GENERATE_INFOPLIST_FILE = YES;
				INFOPLIST_KEY_UIApplicationSceneManifest_Generation = YES;
				INFOPLIST_KEY_UIApplicationSupportsIndirectInputEvents = YES;
				INFOPLIST_KEY_UILaunchScreen_Generation = YES;
				INFOPLIST_KEY_UISupportedInterfaceOrientations_iPad = "UIInterfaceOrientationPortrait UIInterfaceOrientationPortraitUpsideDown UIInterfaceOrientationLandscapeLeft UIInterfaceOrientationLandscapeRight";
				INFOPLIST_KEY_UISupportedInterfaceOrientations_iPhone = "UIInterfaceOrientationPortrait UIInterfaceOrientationLandscapeLeft UIInterfaceOrientationLandscapeRight";
				LD_RUNPATH_SEARCH_PATHS = (
					"$(inherited)",
					"@executable_path/Frameworks",
				);
				MARKETING_VERSION = 1.0;
				PRODUCT_BUNDLE_IDENTIFIER = "vn.upinmcSE.SwiftUI-101";
				PRODUCT_NAME = "$(TARGET_NAME)";
				SWIFT_EMIT_LOC_STRINGS = YES;
				SWIFT_VERSION = 5.0;
				TARGETED_DEVICE_FAMILY = "1,2";
			};
			name = Debug;
		};
		442E82332D5F511D00F9C33C /* Release */ = {
			isa = XCBuildConfiguration;
			buildSettings = {
				ASSETCATALOG_COMPILER_APPICON_NAME = AppIcon;
				ASSETCATALOG_COMPILER_GLOBAL_ACCENT_COLOR_NAME = AccentColor;
				CODE_SIGN_STYLE = Automatic;
				CURRENT_PROJECT_VERSION = 1;
				DEVELOPMENT_ASSET_PATHS = "\"SwiftUI_101/Preview Content\"";
				ENABLE_PREVIEWS = YES;
				GENERATE_INFOPLIST_FILE = YES;
				INFOPLIST_KEY_UIApplicationSceneManifest_Generation = YES;
				INFOPLIST_KEY_UIApplicationSupportsIndirectInputEvents = YES;
				INFOPLIST_KEY_UILaunchScreen_Generation = YES;
				INFOPLIST_KEY_UISupportedInterfaceOrientations_iPad = "UIInterfaceOrientationPortrait UIInterfaceOrientationPortraitUpsideDown UIInterfaceOrientationLandscapeLeft UIInterfaceOrientationLandscapeRight";
				INFOPLIST_KEY_UISupportedInterfaceOrientations_iPhone = "UIInterfaceOrientationPortrait UIInterfaceOrientationLandscapeLeft UIInterfaceOrientationLandscapeRight";
				LD_RUNPATH_SEARCH_PATHS = (
					"$(inherited)",
					"@executable_path/Frameworks",
				);
				MARKETING_VERSION = 1.0;
				PRODUCT_BUNDLE_IDENTIFIER = "vn.upinmcSE.SwiftUI-101";
				PRODUCT_NAME = "$(TARGET_NAME)";
				SWIFT_EMIT_LOC_STRINGS = YES;
				SWIFT_VERSION = 5.0;
				TARGETED_DEVICE_FAMILY = "1,2";
			};
			name = Release;
		};
		442E82352D5F511D00F9C33C /* Debug */ = {
			isa = XCBuildConfiguration;
			buildSettings = {
				BUNDLE_LOADER = "$(TEST_HOST)";
				CODE_SIGN_STYLE = Automatic;
				CURRENT_PROJECT_VERSION = 1;
				GENERATE_INFOPLIST_FILE = YES;
				IPHONEOS_DEPLOYMENT_TARGET = 18.2;
				MARKETING_VERSION = 1.0;
				PRODUCT_BUNDLE_IDENTIFIER = "vn.upinmcSE.SwiftUI-101Tests";
				PRODUCT_NAME = "$(TARGET_NAME)";
				SWIFT_EMIT_LOC_STRINGS = NO;
				SWIFT_VERSION = 5.0;
				TARGETED_DEVICE_FAMILY = "1,2";
				TEST_HOST = "$(BUILT_PRODUCTS_DIR)/SwiftUI_101.app/$(BUNDLE_EXECUTABLE_FOLDER_PATH)/SwiftUI_101";
			};
			name = Debug;
		};
		442E82362D5F511D00F9C33C /* Release */ = {
			isa = XCBuildConfiguration;
			buildSettings = {
				BUNDLE_LOADER = "$(TEST_HOST)";
				CODE_SIGN_STYLE = Automatic;
				CURRENT_PROJECT_VERSION = 1;
				GENERATE_INFOPLIST_FILE = YES;
				IPHONEOS_DEPLOYMENT_TARGET = 18.2;
				MARKETING_VERSION = 1.0;
				PRODUCT_BUNDLE_IDENTIFIER = "vn.upinmcSE.SwiftUI-101Tests";
				PRODUCT_NAME = "$(TARGET_NAME)";
				SWIFT_EMIT_LOC_STRINGS = NO;
				SWIFT_VERSION = 5.0;
				TARGETED_DEVICE_FAMILY = "1,2";
				TEST_HOST = "$(BUILT_PRODUCTS_DIR)/SwiftUI_101.app/$(BUNDLE_EXECUTABLE_FOLDER_PATH)/SwiftUI_101";
			};
			name = Release;
		};
		442E82382D5F511D00F9C33C /* Debug */ = {
			isa = XCBuildConfiguration;
			buildSettings = {
				CODE_SIGN_STYLE = Automatic;
				CURRENT_PROJECT_VERSION = 1;
				GENERATE_INFOPLIST_FILE = YES;
				MARKETING_VERSION = 1.0;
				PRODUCT_BUNDLE_IDENTIFIER = "vn.upinmcSE.SwiftUI-101UITests";
				PRODUCT_NAME = "$(TARGET_NAME)";
				SWIFT_EMIT_LOC_STRINGS = NO;
				SWIFT_VERSION = 5.0;
				TARGETED_DEVICE_FAMILY = "1,2";
				TEST_TARGET_NAME = SwiftUI_101;
			};
			name = Debug;
		};
		442E82392D5F511D00F9C33C /* Release */ = {
			isa = XCBuildConfiguration;
			buildSettings = {
				CODE_SIGN_STYLE = Automatic;
				CURRENT_PROJECT_VERSION = 1;
				GENERATE_INFOPLIST_FILE = YES;
				MARKETING_VERSION = 1.0;
				PRODUCT_BUNDLE_IDENTIFIER = "vn.upinmcSE.SwiftUI-101UITests";
				PRODUCT_NAME = "$(TARGET_NAME)";
				SWIFT_EMIT_LOC_STRINGS = NO;
				SWIFT_VERSION = 5.0;
				TARGETED_DEVICE_FAMILY = "1,2";
				TEST_TARGET_NAME = SwiftUI_101;
			};
			name = Release;
		};
/* End XCBuildConfiguration section */

/* Begin XCConfigurationList section */
		442E82082D5F511B00F9C33C /* Build configuration list for PBXProject "SwiftUI_101" */ = {
			isa = XCConfigurationList;
			buildConfigurations = (
				442E822F2D5F511D00F9C33C /* Debug */,
				442E82302D5F511D00F9C33C /* Release */,
			);
			defaultConfigurationIsVisible = 0;
			defaultConfigurationName = Release;
		};
		442E82312D5F511D00F9C33C /* Build configuration list for PBXNativeTarget "SwiftUI_101" */ = {
			isa = XCConfigurationList;
			buildConfigurations = (
				442E82322D5F511D00F9C33C /* Debug */,
				442E82332D5F511D00F9C33C /* Release */,
			);
			defaultConfigurationIsVisible = 0;
			defaultConfigurationName = Release;
		};
		442E82342D5F511D00F9C33C /* Build configuration list for PBXNativeTarget "SwiftUI_101Tests" */ = {
			isa = XCConfigurationList;
			buildConfigurations = (
				442E82352D5F511D00F9C33C /* Debug */,
				442E82362D5F511D00F9C33C /* Release */,
			);
			defaultConfigurationIsVisible = 0;
			defaultConfigurationName = Release;
		};
		442E82372D5F511D00F9C33C /* Build configuration list for PBXNativeTarget "SwiftUI_101UITests" */ = {
			isa = XCConfigurationList;
			buildConfigurations = (
				442E82382D5F511D00F9C33C /* Debug */,
				442E82392D5F511D00F9C33C /* Release */,
			);
			defaultConfigurationIsVisible = 0;
			defaultConfigurationName = Release;
		};
/* End XCConfigurationList section */
	};
	rootObject = 442E82052D5F511B00F9C33C /* Project object */;
}
